// !$*UTF8*$!
{
	archiveVersion = 1;
	classes = {
	};
	objectVersion = 46;
	objects = {

/* Begin PBXBuildFile section */
		139005358BA08D2D0246B9EB /* ProfileViewController.swift in Sources */ = {isa = PBXBuildFile; fileRef = 47A28202BE16BDDF5FD4A2C0 /* ProfileViewController.swift */; settings = {COMPILER_FLAGS = "-fno-objc-arc"; }; };
		2F0430C9112933CE351FAD5F /* AppUtils.swift in Sources */ = {isa = PBXBuildFile; fileRef = E15AF349A1D242B49774B588 /* AppUtils.swift */; settings = {COMPILER_FLAGS = "-fno-objc-arc"; }; };
		4009219C1F4FCC52009B882D /* UIButton+Glossy.m in Sources */ = {isa = PBXBuildFile; fileRef = 40F8534B1EE8FCDF00EE47D7 /* UIButton+Glossy.m */; };
		400921A51F4FCC52009B882D /* AppDelegate.m in Sources */ = {isa = PBXBuildFile; fileRef = 40F853261EE8FC8400EE47D7 /* AppDelegate.m */; };
		400921AB1F4FCC52009B882D /* UIView+Additions.m in Sources */ = {isa = PBXBuildFile; fileRef = 40F8534F1EE8FCDF00EE47D7 /* UIView+Additions.m */; };
		400921AC1F4FCC52009B882D /* AppLogMgr.m in Sources */ = {isa = PBXBuildFile; fileRef = 40F853281EE8FC8400EE47D7 /* AppLogMgr.m */; };
		400921AF1F4FCC52009B882D /* MainTableViewCell.m in Sources */ = {isa = PBXBuildFile; fileRef = 40F8532A1EE8FC8400EE47D7 /* MainTableViewCell.m */; };
		400921B01F4FCC52009B882D /* NSString+Common.m in Sources */ = {isa = PBXBuildFile; fileRef = 40F853471EE8FCDF00EE47D7 /* NSString+Common.m */; };
		400921B51F4FCC52009B882D /* MainViewController.m in Sources */ = {isa = PBXBuildFile; fileRef = 40F8532C1EE8FC8400EE47D7 /* MainViewController.m */; };
		400921B91F4FCC52009B882D /* UIButton+Additions.m in Sources */ = {isa = PBXBuildFile; fileRef = 40F853491EE8FCDF00EE47D7 /* UIButton+Additions.m */; };
		400921BC1F4FCC52009B882D /* UIView+CustomAutoLayout.m in Sources */ = {isa = PBXBuildFile; fileRef = 40F853511EE8FCDF00EE47D7 /* UIView+CustomAutoLayout.m */; };
		400921C01F4FCC52009B882D /* NSObject+CommonBlock.m in Sources */ = {isa = PBXBuildFile; fileRef = 40F853451EE8FCDF00EE47D7 /* NSObject+CommonBlock.m */; };
		400921C81F4FCC52009B882D /* NSData+Common.m in Sources */ = {isa = PBXBuildFile; fileRef = 40F853431EE8FCDF00EE47D7 /* NSData+Common.m */; };
		400921C91F4FCC52009B882D /* UIImage+Additions.m in Sources */ = {isa = PBXBuildFile; fileRef = 40F8534D1EE8FCDF00EE47D7 /* UIImage+Additions.m */; };
		400921CF1F4FCC52009B882D /* Foundation.framework in Frameworks */ = {isa = PBXBuildFile; fileRef = 40407ACA1F3035CA006C7301 /* Foundation.framework */; };
		400921D01F4FCC52009B882D /* AVFoundation.framework in Frameworks */ = {isa = PBXBuildFile; fileRef = 40F8553C1EE8FDC500EE47D7 /* AVFoundation.framework */; };
		400921D11F4FCC52009B882D /* MediaPlayer.framework in Frameworks */ = {isa = PBXBuildFile; fileRef = 51A4AD391F1F8AE300B4A806 /* MediaPlayer.framework */; };
		400921D31F4FCC52009B882D /* libiconv.tbd in Frameworks */ = {isa = PBXBuildFile; fileRef = 40F8554E1EE8FE0100EE47D7 /* libiconv.tbd */; };
		400921D41F4FCC52009B882D /* libz.tbd in Frameworks */ = {isa = PBXBuildFile; fileRef = 40F8554C1EE8FDFC00EE47D7 /* libz.tbd */; };
		400921D51F4FCC52009B882D /* libc++.tbd in Frameworks */ = {isa = PBXBuildFile; fileRef = CE45D2971F15C527003506D1 /* libc++.tbd */; };
		400921D71F4FCC52009B882D /* libresolv.tbd in Frameworks */ = {isa = PBXBuildFile; fileRef = 40F855481EE8FDF100EE47D7 /* libresolv.tbd */; };
		400921D81F4FCC52009B882D /* SystemConfiguration.framework in Frameworks */ = {isa = PBXBuildFile; fileRef = 40F855461EE8FDE800EE47D7 /* SystemConfiguration.framework */; };
		400921D91F4FCC52009B882D /* CoreTelephony.framework in Frameworks */ = {isa = PBXBuildFile; fileRef = 40F855441EE8FDE100EE47D7 /* CoreTelephony.framework */; };
		400921DA1F4FCC52009B882D /* VideoToolbox.framework in Frameworks */ = {isa = PBXBuildFile; fileRef = 40F855421EE8FDDA00EE47D7 /* VideoToolbox.framework */; };
		400921DC1F4FCC52009B882D /* CoreMedia.framework in Frameworks */ = {isa = PBXBuildFile; fileRef = 40F855401EE8FDD300EE47D7 /* CoreMedia.framework */; };
		400921DD1F4FCC52009B882D /* CoreGraphics.framework in Frameworks */ = {isa = PBXBuildFile; fileRef = 40F8553E1EE8FDCC00EE47D7 /* CoreGraphics.framework */; };
		400921DE1F4FCC52009B882D /* Accelerate.framework in Frameworks */ = {isa = PBXBuildFile; fileRef = 40F8553A1EE8FDBF00EE47D7 /* Accelerate.framework */; };
		400921DF1F4FCC52009B882D /* Security.framework in Frameworks */ = {isa = PBXBuildFile; fileRef = 40F855381EE8FDB600EE47D7 /* Security.framework */; };
		400921E01F4FCC52009B882D /* AssetsLibrary.framework in Frameworks */ = {isa = PBXBuildFile; fileRef = 40F855361EE8FDAD00EE47D7 /* AssetsLibrary.framework */; };
		400922481F4FCC52009B882D /* LaunchScreen.storyboard in Resources */ = {isa = PBXBuildFile; fileRef = 40F853311EE8FC9B00EE47D7 /* LaunchScreen.storyboard */; };
		400922511F4FCC52009B882D /* Assets.xcassets in Resources */ = {isa = PBXBuildFile; fileRef = 40F853221EE8FC7300EE47D7 /* Assets.xcassets */; };
		4009227D1F4FCC52009B882D /* Main.storyboard in Resources */ = {isa = PBXBuildFile; fileRef = 40F853331EE8FC9B00EE47D7 /* Main.storyboard */; };
		402A010324506F740037A219 /* main.m in Sources */ = {isa = PBXBuildFile; fileRef = 402A010024506F740037A219 /* main.m */; };
		405339122465449E00A6B478 /* ThemeConfigurator.m in Sources */ = {isa = PBXBuildFile; fileRef = 45E74D9A23B22BCD00C22B31 /* ThemeConfigurator.m */; };
		4053392124654CEF00A6B478 /* TCHttpUtil.m in Sources */ = {isa = PBXBuildFile; fileRef = 4053391C24654CEF00A6B478 /* TCHttpUtil.m */; };
		4053392224654CEF00A6B478 /* SmallButton.m in Sources */ = {isa = PBXBuildFile; fileRef = 4053391F24654CEF00A6B478 /* SmallButton.m */; };
		405339292465511700A6B478 /* bgm_demo.mp3 in Resources */ = {isa = PBXBuildFile; fileRef = 405339282465511700A6B478 /* bgm_demo.mp3 */; };
		4053395A246645D900A6B478 /* ScanQRController.mm in Sources */ = {isa = PBXBuildFile; fileRef = 40533959246645D900A6B478 /* ScanQRController.mm */; };
		405874DB2445BCBA009B3503 /* TCBeautyPanelResources.bundle in Resources */ = {isa = PBXBuildFile; fileRef = 40AA536724458EC800303EF7 /* TCBeautyPanelResources.bundle */; };
		4071CF6D2444423D000B7707 /* TXLiteAVSDK_Smart.framework in Frameworks */ = {isa = PBXBuildFile; fileRef = 4071CF6B2444423D000B7707 /* TXLiteAVSDK_Smart.framework */; };
		4071CF6E2444423D000B7707 /* TXLiteAVSDK_Smart.framework in Frameworks */ = {isa = PBXBuildFile; fileRef = 4071CF6B2444423D000B7707 /* TXLiteAVSDK_Smart.framework */; };
		4074E61F249F05BF006C591F /* (null) in Frameworks */ = {isa = PBXBuildFile; };
		4074E64D249F1FCF006C591F /* AudioEffectSettingKit.framework in Frameworks */ = {isa = PBXBuildFile; fileRef = 40B5C6832484BBE500D3A718 /* AudioEffectSettingKit.framework */; };
		4074E64E249F1FD5006C591F /* AudioEffectSettingKitResources.bundle in Resources */ = {isa = PBXBuildFile; fileRef = 40B5C6872484BBE500D3A718 /* AudioEffectSettingKitResources.bundle */; };
		40A49D7424598DA000BFCB18 /* UGCKitResources.bundle in Resources */ = {isa = PBXBuildFile; fileRef = 40A49D6724598CD700BFCB18 /* UGCKitResources.bundle */; };
		40AA5386244591DB00303EF7 /* TCBeautyPanel.framework in Frameworks */ = {isa = PBXBuildFile; fileRef = 40AA536524458EC800303EF7 /* TCBeautyPanel.framework */; };
		40E1F43F2468F72900F3D350 /* UIColor+MLPFlatColors.m in Sources */ = {isa = PBXBuildFile; fileRef = 40B3FA002447056D000C37A3 /* UIColor+MLPFlatColors.m */; };
		40E1F4422468F72F00F3D350 /* HUDHelper.m in Sources */ = {isa = PBXBuildFile; fileRef = 40B3F9FD2447042B000C37A3 /* HUDHelper.m */; };
		40E1F4462468F74700F3D350 /* NSString+UISize.m in Sources */ = {isa = PBXBuildFile; fileRef = 457FD2F921C7530C00EEB03F /* NSString+UISize.m */; };
		40E1F44B2468F74F00F3D350 /* NSDictionary+Common.m in Sources */ = {isa = PBXBuildFile; fileRef = 6A395A02234AEE9700AFBCE8 /* NSDictionary+Common.m */; };
		4509E5D522816E8D001FF14A /* LiveRoomAccPlayerView.m in Sources */ = {isa = PBXBuildFile; fileRef = 4509E5D222816E8D001FF14A /* LiveRoomAccPlayerView.m */; };
		45C3779A226765A60054D0B8 /* Settings.bundle in Resources */ = {isa = PBXBuildFile; fileRef = 45C37797226765A60054D0B8 /* Settings.bundle */; };
		45CC58AE246290BB002A914E /* SimpleIPC.m in Sources */ = {isa = PBXBuildFile; fileRef = 45CC58AA246290BB002A914E /* SimpleIPC.m */; };
		45CC58AF246290FA002A914E /* SimpleIPC.m in Sources */ = {isa = PBXBuildFile; fileRef = 45CC58AA246290BB002A914E /* SimpleIPC.m */; };
		6A03ED431FD13E0C00F2F063 /* UIViewController+BackButtonHandler.m in Sources */ = {isa = PBXBuildFile; fileRef = 6A03ED3F1FD13DFB00F2F063 /* UIViewController+BackButtonHandler.m */; };
		6A1C109D2281A675005D7BD9 /* PushLogView.m in Sources */ = {isa = PBXBuildFile; fileRef = 6A1C109A2281A674005D7BD9 /* PushLogView.m */; };
		6A50323324A1A68E00701E6B /* UserProtocol.html in Resources */ = {isa = PBXBuildFile; fileRef = 6A50322E24A1A68E00701E6B /* UserProtocol.html */; };
		6A5032A524A25E2100701E6B /* GenerateTestUserSig.m in Sources */ = {isa = PBXBuildFile; fileRef = 40B3F8DC2446E6C5000C37A3 /* GenerateTestUserSig.m */; };
		912E57A5206A3A6500340AF5 /* libsqlite3.tbd in Frameworks */ = {isa = PBXBuildFile; fileRef = 91F87A7E1FF4A0FC001644B1 /* libsqlite3.tbd */; };
		A035040A20D20A01007E61C6 /* QRCode.m in Sources */ = {isa = PBXBuildFile; fileRef = A035040720D20A01007E61C6 /* QRCode.m */; };
		A035043220D24F99007E61C6 /* AddressBarController.m in Sources */ = {isa = PBXBuildFile; fileRef = A035042F20D24F99007E61C6 /* AddressBarController.m */; };
		A035044020D2511A007E61C6 /* AddressBar.m in Sources */ = {isa = PBXBuildFile; fileRef = A035043D20D2511A007E61C6 /* AddressBar.m */; };
		B97CC9901D43C35FA7CBE446 /* LoginViewController_Mock.swift in Sources */ = {isa = PBXBuildFile; fileRef = EFFD3A317E1ADBF8F8E6F554 /* LoginViewController_Mock.swift */; settings = {COMPILER_FLAGS = "-fno-objc-arc"; }; };
		C0A3A875CEBA80D283D0CA79 /* ProfileManager_Mock.swift in Sources */ = {isa = PBXBuildFile; fileRef = E34F954C25461B18BD145F73 /* ProfileManager_Mock.swift */; settings = {COMPILER_FLAGS = "-fno-objc-arc"; }; };
		D541373E22796084006D9C9D /* IMMsgManager.m in Sources */ = {isa = PBXBuildFile; fileRef = D50292D62272BAFE00C052B7 /* IMMsgManager.m */; };
		D541373F22796084006D9C9D /* RoomUtil.m in Sources */ = {isa = PBXBuildFile; fileRef = D50292D42272BAFE00C052B7 /* RoomUtil.m */; };
		D541374022796084006D9C9D /* LiveRoomListViewController.m in Sources */ = {isa = PBXBuildFile; fileRef = D50292E52272BB0600C052B7 /* LiveRoomListViewController.m */; };
		D541374122796084006D9C9D /* LiveRoomMsgListTableView.m in Sources */ = {isa = PBXBuildFile; fileRef = D50292E92272BB0700C052B7 /* LiveRoomMsgListTableView.m */; };
		D541374222796084006D9C9D /* LiveRoomMsgListTableViewCell.m in Sources */ = {isa = PBXBuildFile; fileRef = D50292E62272BB0600C052B7 /* LiveRoomMsgListTableViewCell.m */; };
		D541374322796084006D9C9D /* LiveRoomNewViewController.m in Sources */ = {isa = PBXBuildFile; fileRef = D50292E72272BB0600C052B7 /* LiveRoomNewViewController.m */; };
		D541374522796084006D9C9D /* LiveRoomPlayerViewController.m in Sources */ = {isa = PBXBuildFile; fileRef = D50292E22272BB0600C052B7 /* LiveRoomPlayerViewController.m */; };
		D541374622796084006D9C9D /* LiveRoomPusherViewController.m in Sources */ = {isa = PBXBuildFile; fileRef = D50292DF2272BB0600C052B7 /* LiveRoomPusherViewController.m */; };
		D541374722796084006D9C9D /* LiveRoomTableViewCell.m in Sources */ = {isa = PBXBuildFile; fileRef = D50292E32272BB0600C052B7 /* LiveRoomTableViewCell.m */; };
		D541374822796084006D9C9D /* MLVBLiveRoom.m in Sources */ = {isa = PBXBuildFile; fileRef = D50292F62272BB1200C052B7 /* MLVBLiveRoom.m */; };
		D541374922796084006D9C9D /* MLVBLiveRoomDef.m in Sources */ = {isa = PBXBuildFile; fileRef = D50292F42272BB1100C052B7 /* MLVBLiveRoomDef.m */; };
		D541374A22796084006D9C9D /* PlayViewController.m in Sources */ = {isa = PBXBuildFile; fileRef = D50292FA2272BB1C00C052B7 /* PlayViewController.m */; };
		D541374B22796084006D9C9D /* CameraPushViewController.m in Sources */ = {isa = PBXBuildFile; fileRef = D50292FC2272BB2500C052B7 /* CameraPushViewController.m */; };
		D541374C22796084006D9C9D /* PushMoreSettingViewController.m in Sources */ = {isa = PBXBuildFile; fileRef = D50293012272BB2500C052B7 /* PushMoreSettingViewController.m */; };
		D541374D22796084006D9C9D /* PushSettingViewController.m in Sources */ = {isa = PBXBuildFile; fileRef = D50293052272BB2600C052B7 /* PushSettingViewController.m */; };
		D541374E22796084006D9C9D /* TXCAudioCustomRecorder.m in Sources */ = {isa = PBXBuildFile; fileRef = D50293002272BB2500C052B7 /* TXCAudioCustomRecorder.m */; };
		D541374F22796084006D9C9D /* PushBgmControl.m in Sources */ = {isa = PBXBuildFile; fileRef = 6A3107182272E31A002F6115 /* PushBgmControl.m */; };
		D62EDBED1FF4D77900092D1A /* FilterResource.bundle in Resources */ = {isa = PBXBuildFile; fileRef = CE7C6E4A1FC2C5320095663F /* FilterResource.bundle */; };
		D6D9E36720D283E700B6D607 /* SampleHandler.m in Sources */ = {isa = PBXBuildFile; fileRef = 91D47F3D20B6B13C0072AC0B /* SampleHandler.m */; };
		D6D9E36D20D283E700B6D607 /* libresolv.tbd in Frameworks */ = {isa = PBXBuildFile; fileRef = 40F855481EE8FDF100EE47D7 /* libresolv.tbd */; };
		D6D9E36E20D283E700B6D607 /* libc++.tbd in Frameworks */ = {isa = PBXBuildFile; fileRef = CE45D2971F15C527003506D1 /* libc++.tbd */; };
		D6D9E37020D283E700B6D607 /* ReplayKit.framework in Frameworks */ = {isa = PBXBuildFile; fileRef = 91D47F3920B6B13C0072AC0B /* ReplayKit.framework */; settings = {ATTRIBUTES = (Weak, ); }; };
		D6D9E37920D2850D00B6D607 /* TXReplaykitUpload_Smart.appex in Embed App Extensions */ = {isa = PBXBuildFile; fileRef = D6D9E37620D283E700B6D607 /* TXReplaykitUpload_Smart.appex */; settings = {ATTRIBUTES = (RemoveHeadersOnCopy, ); }; };
		D6E5D1C520B7B62000812B2F /* ScreenPushViewController.m in Sources */ = {isa = PBXBuildFile; fileRef = D6E5D1C220B7B62000812B2F /* ScreenPushViewController.m */; };
		D72E6798277CCF8C8FAB2E50 /* ProfileViewController+UI.swift in Sources */ = {isa = PBXBuildFile; fileRef = B3E28116057CEFC3F0C9CDF1 /* ProfileViewController+UI.swift */; settings = {COMPILER_FLAGS = "-fno-objc-arc"; }; };
		D97116AC98CD71991A67E7B7 /* LoginViewController+UI_Mock.swift in Sources */ = {isa = PBXBuildFile; fileRef = C0AAD88820A189F0DBB5C1A0 /* LoginViewController+UI_Mock.swift */; settings = {COMPILER_FLAGS = "-fno-objc-arc"; }; };
		EF69648B8809D6DEA1B7139D /* libPods-TXReplaykitUpload_Smart.a in Frameworks */ = {isa = PBXBuildFile; fileRef = 3B8883463F7DB6469C26CDBF /* libPods-TXReplaykitUpload_Smart.a */; };
		F2AF5B44A688CC8220F39DEF /* CommonUtils.swift in Sources */ = {isa = PBXBuildFile; fileRef = C2298E859AEAC5ED650C5330 /* CommonUtils.swift */; settings = {COMPILER_FLAGS = "-fno-objc-arc"; }; };
		FFBF42EEE2BE1823CC8C9072 /* libPods-TXLiteAVDemo_Smart.a in Frameworks */ = {isa = PBXBuildFile; fileRef = A065A9D117DFE893830751FB /* libPods-TXLiteAVDemo_Smart.a */; };
/* End PBXBuildFile section */

/* Begin PBXContainerItemProxy section */
		4074E649249F1FC7006C591F /* PBXContainerItemProxy */ = {
			isa = PBXContainerItemProxy;
			containerPortal = 401A9B3D247FCC7600C0763B /* AudioEffectSettingKit.xcodeproj */;
			proxyType = 1;
			remoteGlobalIDString = 40AF71C8247D08F700EBB371;
			remoteInfo = AudioEffectSettingKitResources;
		};
		40A49D6424598CD700BFCB18 /* PBXContainerItemProxy */ = {
			isa = PBXContainerItemProxy;
			containerPortal = 40A49D5E24598CD200BFCB18 /* UGCKit.xcodeproj */;
			proxyType = 2;
			remoteGlobalIDString = 453DE2D6237945B10083E759;
			remoteInfo = UGCKit;
		};
		40A49D6624598CD700BFCB18 /* PBXContainerItemProxy */ = {
			isa = PBXContainerItemProxy;
			containerPortal = 40A49D5E24598CD200BFCB18 /* UGCKit.xcodeproj */;
			proxyType = 2;
			remoteGlobalIDString = 454616C223797C39009CDF83;
			remoteInfo = UGCKitResources;
		};
		40A49D7024598D6B00BFCB18 /* PBXContainerItemProxy */ = {
			isa = PBXContainerItemProxy;
			containerPortal = 40A49D5E24598CD200BFCB18 /* UGCKit.xcodeproj */;
			proxyType = 1;
			remoteGlobalIDString = 453DE2D5237945B10083E759;
			remoteInfo = UGCKit;
		};
		40A49D7224598D6B00BFCB18 /* PBXContainerItemProxy */ = {
			isa = PBXContainerItemProxy;
			containerPortal = 40A49D5E24598CD200BFCB18 /* UGCKit.xcodeproj */;
			proxyType = 1;
			remoteGlobalIDString = 454616C123797C39009CDF83;
			remoteInfo = UGCKitResources;
		};
		40A8A0662452D9B200BB06FC /* PBXContainerItemProxy */ = {
			isa = PBXContainerItemProxy;
			containerPortal = 40AA533524458EC800303EF7 /* TCBeautyPanel.xcodeproj */;
			proxyType = 1;
			remoteGlobalIDString = 4579C3F923AC660C005ECC1C;
			remoteInfo = TCBeautyPanelResources;
		};
		40AA536424458EC800303EF7 /* PBXContainerItemProxy */ = {
			isa = PBXContainerItemProxy;
			containerPortal = 40AA533524458EC800303EF7 /* TCBeautyPanel.xcodeproj */;
			proxyType = 2;
			remoteGlobalIDString = 4579C38623AC64DC005ECC1C;
			remoteInfo = TCBeautyPanel;
		};
		40AA536624458EC800303EF7 /* PBXContainerItemProxy */ = {
			isa = PBXContainerItemProxy;
			containerPortal = 40AA533524458EC800303EF7 /* TCBeautyPanel.xcodeproj */;
			proxyType = 2;
			remoteGlobalIDString = 4579C3FA23AC660C005ECC1C;
			remoteInfo = TCBeautyPanelResources;
		};
		40B5C6822484BBE500D3A718 /* PBXContainerItemProxy */ = {
			isa = PBXContainerItemProxy;
			containerPortal = 401A9B3D247FCC7600C0763B /* AudioEffectSettingKit.xcodeproj */;
			proxyType = 2;
			remoteGlobalIDString = 40AF719A247D036200EBB371;
			remoteInfo = AudioEffectSettingKit;
		};
		40B5C6842484BBE500D3A718 /* PBXContainerItemProxy */ = {
			isa = PBXContainerItemProxy;
			containerPortal = 401A9B3D247FCC7600C0763B /* AudioEffectSettingKit.xcodeproj */;
			proxyType = 2;
			remoteGlobalIDString = 40AF71AA247D03E700EBB371;
			remoteInfo = AudioEffectSettingKitExample;
		};
		40B5C6862484BBE500D3A718 /* PBXContainerItemProxy */ = {
			isa = PBXContainerItemProxy;
			containerPortal = 401A9B3D247FCC7600C0763B /* AudioEffectSettingKit.xcodeproj */;
			proxyType = 2;
			remoteGlobalIDString = 40AF71C9247D08F700EBB371;
			remoteInfo = AudioEffectSettingKitResources;
		};
		D67F9E7920F4660C0086D8DD /* PBXContainerItemProxy */ = {
			isa = PBXContainerItemProxy;
			containerPortal = 40F852FB1EE8FB3800EE47D7 /* Project object */;
			proxyType = 1;
			remoteGlobalIDString = D6D9E36520D283E700B6D607;
			remoteInfo = ReplaykitUpload_Smart;
		};
/* End PBXContainerItemProxy section */

/* Begin PBXCopyFilesBuildPhase section */
		D6D9E37C20D2850D00B6D607 /* Embed App Extensions */ = {
			isa = PBXCopyFilesBuildPhase;
			buildActionMask = 2147483647;
			dstPath = "";
			dstSubfolderSpec = 13;
			files = (
				D6D9E37920D2850D00B6D607 /* TXReplaykitUpload_Smart.appex in Embed App Extensions */,
			);
			name = "Embed App Extensions";
			runOnlyForDeploymentPostprocessing = 0;
		};
/* End PBXCopyFilesBuildPhase section */

/* Begin PBXFileReference section */
		2840D91B24B8562200723FBC /* AudioToolbox.framework */ = {isa = PBXFileReference; lastKnownFileType = wrapper.framework; name = AudioToolbox.framework; path = System/Library/Frameworks/AudioToolbox.framework; sourceTree = SDKROOT; };
		3B8883463F7DB6469C26CDBF /* libPods-TXReplaykitUpload_Smart.a */ = {isa = PBXFileReference; explicitFileType = archive.ar; includeInIndex = 0; path = "libPods-TXReplaykitUpload_Smart.a"; sourceTree = BUILT_PRODUCTS_DIR; };
		3FE55542D416212AADE83B12 /* Pods-TXLiteAVDemo_Smart.debug.xcconfig */ = {isa = PBXFileReference; includeInIndex = 1; lastKnownFileType = text.xcconfig; name = "Pods-TXLiteAVDemo_Smart.debug.xcconfig"; path = "Target Support Files/Pods-TXLiteAVDemo_Smart/Pods-TXLiteAVDemo_Smart.debug.xcconfig"; sourceTree = "<group>"; };
		400922A11F4FCC52009B882D /* TXLiteAVDemo_Smart.app */ = {isa = PBXFileReference; explicitFileType = wrapper.application; includeInIndex = 0; path = TXLiteAVDemo_Smart.app; sourceTree = BUILT_PRODUCTS_DIR; };
		401A9B3D247FCC7600C0763B /* AudioEffectSettingKit.xcodeproj */ = {isa = PBXFileReference; lastKnownFileType = "wrapper.pb-project"; path = AudioEffectSettingKit.xcodeproj; sourceTree = "<group>"; };
		402A00DD2450552E0037A219 /* TXLiteAVDemo-Bridging-Header.h */ = {isa = PBXFileReference; lastKnownFileType = sourcecode.c.h; path = "TXLiteAVDemo-Bridging-Header.h"; sourceTree = "<group>"; };
		402A010024506F740037A219 /* main.m */ = {isa = PBXFileReference; fileEncoding = 4; lastKnownFileType = sourcecode.c.objc; name = main.m; path = App/main.m; sourceTree = "<group>"; };
		402A010724506F9C0037A219 /* Info.plist */ = {isa = PBXFileReference; lastKnownFileType = text.plist.xml; name = Info.plist; path = App/Info.plist; sourceTree = "<group>"; };
		40407ACA1F3035CA006C7301 /* Foundation.framework */ = {isa = PBXFileReference; lastKnownFileType = wrapper.framework; name = Foundation.framework; path = System/Library/Frameworks/Foundation.framework; sourceTree = SDKROOT; };
		4053391C24654CEF00A6B478 /* TCHttpUtil.m */ = {isa = PBXFileReference; fileEncoding = 4; lastKnownFileType = sourcecode.c.objc; path = TCHttpUtil.m; sourceTree = "<group>"; };
		4053391D24654CEF00A6B478 /* TCHttpUtil.h */ = {isa = PBXFileReference; fileEncoding = 4; lastKnownFileType = sourcecode.c.h; path = TCHttpUtil.h; sourceTree = "<group>"; };
		4053391F24654CEF00A6B478 /* SmallButton.m */ = {isa = PBXFileReference; fileEncoding = 4; lastKnownFileType = sourcecode.c.objc; path = SmallButton.m; sourceTree = "<group>"; };
		4053392024654CEF00A6B478 /* SmallButton.h */ = {isa = PBXFileReference; fileEncoding = 4; lastKnownFileType = sourcecode.c.h; path = SmallButton.h; sourceTree = "<group>"; };
		405339282465511700A6B478 /* bgm_demo.mp3 */ = {isa = PBXFileReference; lastKnownFileType = audio.mp3; path = bgm_demo.mp3; sourceTree = "<group>"; };
		40533958246645D900A6B478 /* ScanQRController.h */ = {isa = PBXFileReference; fileEncoding = 4; lastKnownFileType = sourcecode.c.h; path = ScanQRController.h; sourceTree = "<group>"; };
		40533959246645D900A6B478 /* ScanQRController.mm */ = {isa = PBXFileReference; fileEncoding = 4; lastKnownFileType = sourcecode.cpp.objcpp; path = ScanQRController.mm; sourceTree = "<group>"; };
		4071CF6B2444423D000B7707 /* TXLiteAVSDK_Smart.framework */ = {isa = PBXFileReference; lastKnownFileType = wrapper.framework; path = TXLiteAVSDK_Smart.framework; sourceTree = "<group>"; };
		4071CF702444477A000B7707 /* libsqlite3.0.tbd */ = {isa = PBXFileReference; lastKnownFileType = "sourcecode.text-based-dylib-definition"; name = libsqlite3.0.tbd; path = usr/lib/libsqlite3.0.tbd; sourceTree = SDKROOT; };
		40802A272484BBBE008151C1 /* AudioEffectSettingKit.framework */ = {isa = PBXFileReference; explicitFileType = wrapper.framework; path = AudioEffectSettingKit.framework; sourceTree = BUILT_PRODUCTS_DIR; };
		40A49D5E24598CD200BFCB18 /* UGCKit.xcodeproj */ = {isa = PBXFileReference; lastKnownFileType = "wrapper.pb-project"; name = UGCKit.xcodeproj; path = UGCKit/UGCKit.xcodeproj; sourceTree = "<group>"; };
		40AA533524458EC800303EF7 /* TCBeautyPanel.xcodeproj */ = {isa = PBXFileReference; lastKnownFileType = "wrapper.pb-project"; path = TCBeautyPanel.xcodeproj; sourceTree = "<group>"; };
		40AA539724459DF900303EF7 /* UGCKit.framework */ = {isa = PBXFileReference; explicitFileType = wrapper.framework; path = UGCKit.framework; sourceTree = BUILT_PRODUCTS_DIR; };
		40B3F8DC2446E6C5000C37A3 /* GenerateTestUserSig.m */ = {isa = PBXFileReference; fileEncoding = 4; lastKnownFileType = sourcecode.c.objc; path = GenerateTestUserSig.m; sourceTree = "<group>"; };
		40B3F8DD2446E6C5000C37A3 /* GenerateTestUserSig.h */ = {isa = PBXFileReference; fileEncoding = 4; lastKnownFileType = sourcecode.c.h; path = GenerateTestUserSig.h; sourceTree = "<group>"; };
		40B3F9D92446EF11000C37A3 /* TCUtil.h */ = {isa = PBXFileReference; fileEncoding = 4; lastKnownFileType = sourcecode.c.h; path = TCUtil.h; sourceTree = "<group>"; };
		40B3F9DA2446EF11000C37A3 /* TCLog.m */ = {isa = PBXFileReference; fileEncoding = 4; lastKnownFileType = sourcecode.c.objc; path = TCLog.m; sourceTree = "<group>"; };
		40B3F9DD2446EF11000C37A3 /* TCUtil.m */ = {isa = PBXFileReference; fileEncoding = 4; lastKnownFileType = sourcecode.c.objc; path = TCUtil.m; sourceTree = "<group>"; };
		40B3F9DE2446EF11000C37A3 /* TCLog.h */ = {isa = PBXFileReference; fileEncoding = 4; lastKnownFileType = sourcecode.c.h; path = TCLog.h; sourceTree = "<group>"; };
		40B3F9FD2447042B000C37A3 /* HUDHelper.m */ = {isa = PBXFileReference; fileEncoding = 4; lastKnownFileType = sourcecode.c.objc; path = HUDHelper.m; sourceTree = "<group>"; };
		40B3F9FE2447042C000C37A3 /* HUDHelper.h */ = {isa = PBXFileReference; fileEncoding = 4; lastKnownFileType = sourcecode.c.h; path = HUDHelper.h; sourceTree = "<group>"; };
		40B3FA002447056D000C37A3 /* UIColor+MLPFlatColors.m */ = {isa = PBXFileReference; fileEncoding = 4; lastKnownFileType = sourcecode.c.objc; path = "UIColor+MLPFlatColors.m"; sourceTree = "<group>"; };
		40B3FA012447056D000C37A3 /* UIColor+MLPFlatColors.h */ = {isa = PBXFileReference; fileEncoding = 4; lastKnownFileType = sourcecode.c.h; path = "UIColor+MLPFlatColors.h"; sourceTree = "<group>"; };
		40F853221EE8FC7300EE47D7 /* Assets.xcassets */ = {isa = PBXFileReference; lastKnownFileType = folder.assetcatalog; path = Assets.xcassets; sourceTree = "<group>"; };
		40F853251EE8FC8400EE47D7 /* AppDelegate.h */ = {isa = PBXFileReference; fileEncoding = 4; lastKnownFileType = sourcecode.c.h; path = AppDelegate.h; sourceTree = "<group>"; };
		40F853261EE8FC8400EE47D7 /* AppDelegate.m */ = {isa = PBXFileReference; fileEncoding = 4; lastKnownFileType = sourcecode.c.objc; path = AppDelegate.m; sourceTree = "<group>"; };
		40F853271EE8FC8400EE47D7 /* AppLogMgr.h */ = {isa = PBXFileReference; fileEncoding = 4; lastKnownFileType = sourcecode.c.h; path = AppLogMgr.h; sourceTree = "<group>"; };
		40F853281EE8FC8400EE47D7 /* AppLogMgr.m */ = {isa = PBXFileReference; fileEncoding = 4; lastKnownFileType = sourcecode.c.objc; path = AppLogMgr.m; sourceTree = "<group>"; };
		40F853291EE8FC8400EE47D7 /* MainTableViewCell.h */ = {isa = PBXFileReference; fileEncoding = 4; lastKnownFileType = sourcecode.c.h; path = MainTableViewCell.h; sourceTree = "<group>"; };
		40F8532A1EE8FC8400EE47D7 /* MainTableViewCell.m */ = {isa = PBXFileReference; fileEncoding = 4; lastKnownFileType = sourcecode.c.objc; path = MainTableViewCell.m; sourceTree = "<group>"; };
		40F8532B1EE8FC8400EE47D7 /* MainViewController.h */ = {isa = PBXFileReference; fileEncoding = 4; lastKnownFileType = sourcecode.c.h; path = MainViewController.h; sourceTree = "<group>"; };
		40F8532C1EE8FC8400EE47D7 /* MainViewController.m */ = {isa = PBXFileReference; fileEncoding = 4; lastKnownFileType = sourcecode.c.objc; path = MainViewController.m; sourceTree = "<group>"; };
		40F853321EE8FC9B00EE47D7 /* Base */ = {isa = PBXFileReference; lastKnownFileType = file.storyboard; name = Base; path = Base.lproj/LaunchScreen.storyboard; sourceTree = "<group>"; };
		40F853341EE8FC9B00EE47D7 /* Base */ = {isa = PBXFileReference; lastKnownFileType = file.storyboard; name = Base; path = Base.lproj/Main.storyboard; sourceTree = "<group>"; };
		40F853421EE8FCDF00EE47D7 /* NSData+Common.h */ = {isa = PBXFileReference; fileEncoding = 4; lastKnownFileType = sourcecode.c.h; path = "NSData+Common.h"; sourceTree = "<group>"; };
		40F853431EE8FCDF00EE47D7 /* NSData+Common.m */ = {isa = PBXFileReference; fileEncoding = 4; lastKnownFileType = sourcecode.c.objc; path = "NSData+Common.m"; sourceTree = "<group>"; };
		40F853441EE8FCDF00EE47D7 /* NSObject+CommonBlock.h */ = {isa = PBXFileReference; fileEncoding = 4; lastKnownFileType = sourcecode.c.h; path = "NSObject+CommonBlock.h"; sourceTree = "<group>"; };
		40F853451EE8FCDF00EE47D7 /* NSObject+CommonBlock.m */ = {isa = PBXFileReference; fileEncoding = 4; lastKnownFileType = sourcecode.c.objc; path = "NSObject+CommonBlock.m"; sourceTree = "<group>"; };
		40F853461EE8FCDF00EE47D7 /* NSString+Common.h */ = {isa = PBXFileReference; fileEncoding = 4; lastKnownFileType = sourcecode.c.h; path = "NSString+Common.h"; sourceTree = "<group>"; };
		40F853471EE8FCDF00EE47D7 /* NSString+Common.m */ = {isa = PBXFileReference; fileEncoding = 4; lastKnownFileType = sourcecode.c.objc; path = "NSString+Common.m"; sourceTree = "<group>"; };
		40F853481EE8FCDF00EE47D7 /* UIButton+Additions.h */ = {isa = PBXFileReference; fileEncoding = 4; lastKnownFileType = sourcecode.c.h; path = "UIButton+Additions.h"; sourceTree = "<group>"; };
		40F853491EE8FCDF00EE47D7 /* UIButton+Additions.m */ = {isa = PBXFileReference; fileEncoding = 4; lastKnownFileType = sourcecode.c.objc; path = "UIButton+Additions.m"; sourceTree = "<group>"; };
		40F8534A1EE8FCDF00EE47D7 /* UIButton+Glossy.h */ = {isa = PBXFileReference; fileEncoding = 4; lastKnownFileType = sourcecode.c.h; path = "UIButton+Glossy.h"; sourceTree = "<group>"; };
		40F8534B1EE8FCDF00EE47D7 /* UIButton+Glossy.m */ = {isa = PBXFileReference; fileEncoding = 4; lastKnownFileType = sourcecode.c.objc; path = "UIButton+Glossy.m"; sourceTree = "<group>"; };
		40F8534C1EE8FCDF00EE47D7 /* UIImage+Additions.h */ = {isa = PBXFileReference; fileEncoding = 4; lastKnownFileType = sourcecode.c.h; path = "UIImage+Additions.h"; sourceTree = "<group>"; };
		40F8534D1EE8FCDF00EE47D7 /* UIImage+Additions.m */ = {isa = PBXFileReference; fileEncoding = 4; lastKnownFileType = sourcecode.c.objc; path = "UIImage+Additions.m"; sourceTree = "<group>"; };
		40F8534E1EE8FCDF00EE47D7 /* UIView+Additions.h */ = {isa = PBXFileReference; fileEncoding = 4; lastKnownFileType = sourcecode.c.h; path = "UIView+Additions.h"; sourceTree = "<group>"; };
		40F8534F1EE8FCDF00EE47D7 /* UIView+Additions.m */ = {isa = PBXFileReference; fileEncoding = 4; lastKnownFileType = sourcecode.c.objc; path = "UIView+Additions.m"; sourceTree = "<group>"; };
		40F853501EE8FCDF00EE47D7 /* UIView+CustomAutoLayout.h */ = {isa = PBXFileReference; fileEncoding = 4; lastKnownFileType = sourcecode.c.h; path = "UIView+CustomAutoLayout.h"; sourceTree = "<group>"; };
		40F853511EE8FCDF00EE47D7 /* UIView+CustomAutoLayout.m */ = {isa = PBXFileReference; fileEncoding = 4; lastKnownFileType = sourcecode.c.objc; path = "UIView+CustomAutoLayout.m"; sourceTree = "<group>"; };
		40F853531EE8FCDF00EE47D7 /* ColorMacro.h */ = {isa = PBXFileReference; fileEncoding = 4; lastKnownFileType = sourcecode.c.h; path = ColorMacro.h; sourceTree = "<group>"; };
		40F855361EE8FDAD00EE47D7 /* AssetsLibrary.framework */ = {isa = PBXFileReference; lastKnownFileType = wrapper.framework; name = AssetsLibrary.framework; path = System/Library/Frameworks/AssetsLibrary.framework; sourceTree = SDKROOT; };
		40F855381EE8FDB600EE47D7 /* Security.framework */ = {isa = PBXFileReference; lastKnownFileType = wrapper.framework; name = Security.framework; path = System/Library/Frameworks/Security.framework; sourceTree = SDKROOT; };
		40F8553A1EE8FDBF00EE47D7 /* Accelerate.framework */ = {isa = PBXFileReference; lastKnownFileType = wrapper.framework; name = Accelerate.framework; path = System/Library/Frameworks/Accelerate.framework; sourceTree = SDKROOT; };
		40F8553C1EE8FDC500EE47D7 /* AVFoundation.framework */ = {isa = PBXFileReference; lastKnownFileType = wrapper.framework; name = AVFoundation.framework; path = System/Library/Frameworks/AVFoundation.framework; sourceTree = SDKROOT; };
		40F8553E1EE8FDCC00EE47D7 /* CoreGraphics.framework */ = {isa = PBXFileReference; lastKnownFileType = wrapper.framework; name = CoreGraphics.framework; path = System/Library/Frameworks/CoreGraphics.framework; sourceTree = SDKROOT; };
		40F855401EE8FDD300EE47D7 /* CoreMedia.framework */ = {isa = PBXFileReference; lastKnownFileType = wrapper.framework; name = CoreMedia.framework; path = System/Library/Frameworks/CoreMedia.framework; sourceTree = SDKROOT; };
		40F855421EE8FDDA00EE47D7 /* VideoToolbox.framework */ = {isa = PBXFileReference; lastKnownFileType = wrapper.framework; name = VideoToolbox.framework; path = System/Library/Frameworks/VideoToolbox.framework; sourceTree = SDKROOT; };
		40F855441EE8FDE100EE47D7 /* CoreTelephony.framework */ = {isa = PBXFileReference; lastKnownFileType = wrapper.framework; name = CoreTelephony.framework; path = System/Library/Frameworks/CoreTelephony.framework; sourceTree = SDKROOT; };
		40F855461EE8FDE800EE47D7 /* SystemConfiguration.framework */ = {isa = PBXFileReference; lastKnownFileType = wrapper.framework; name = SystemConfiguration.framework; path = System/Library/Frameworks/SystemConfiguration.framework; sourceTree = SDKROOT; };
		40F855481EE8FDF100EE47D7 /* libresolv.tbd */ = {isa = PBXFileReference; lastKnownFileType = "sourcecode.text-based-dylib-definition"; name = libresolv.tbd; path = usr/lib/libresolv.tbd; sourceTree = SDKROOT; };
		40F8554C1EE8FDFC00EE47D7 /* libz.tbd */ = {isa = PBXFileReference; lastKnownFileType = "sourcecode.text-based-dylib-definition"; name = libz.tbd; path = usr/lib/libz.tbd; sourceTree = SDKROOT; };
		40F8554E1EE8FE0100EE47D7 /* libiconv.tbd */ = {isa = PBXFileReference; lastKnownFileType = "sourcecode.text-based-dylib-definition"; name = libiconv.tbd; path = usr/lib/libiconv.tbd; sourceTree = SDKROOT; };
		4509E5D122816E8D001FF14A /* LiveRoomAccPlayerView.h */ = {isa = PBXFileReference; lastKnownFileType = sourcecode.c.h; path = LiveRoomAccPlayerView.h; sourceTree = "<group>"; };
		4509E5D222816E8D001FF14A /* LiveRoomAccPlayerView.m */ = {isa = PBXFileReference; lastKnownFileType = sourcecode.c.objc; path = LiveRoomAccPlayerView.m; sourceTree = "<group>"; };
		457FD2F821C7530C00EEB03F /* NSString+UISize.h */ = {isa = PBXFileReference; lastKnownFileType = sourcecode.c.h; path = "NSString+UISize.h"; sourceTree = "<group>"; };
		457FD2F921C7530C00EEB03F /* NSString+UISize.m */ = {isa = PBXFileReference; lastKnownFileType = sourcecode.c.objc; path = "NSString+UISize.m"; sourceTree = "<group>"; };
		45C37797226765A60054D0B8 /* Settings.bundle */ = {isa = PBXFileReference; lastKnownFileType = "wrapper.plug-in"; path = Settings.bundle; sourceTree = "<group>"; };
		45CC58AA246290BB002A914E /* SimpleIPC.m */ = {isa = PBXFileReference; fileEncoding = 4; lastKnownFileType = sourcecode.c.objc; path = SimpleIPC.m; sourceTree = "<group>"; };
		45CC58AB246290BB002A914E /* SimpleIPC.h */ = {isa = PBXFileReference; fileEncoding = 4; lastKnownFileType = sourcecode.c.h; path = SimpleIPC.h; sourceTree = "<group>"; };
		45E74D9923B22BCD00C22B31 /* ThemeConfigurator.h */ = {isa = PBXFileReference; lastKnownFileType = sourcecode.c.h; path = ThemeConfigurator.h; sourceTree = "<group>"; };
		45E74D9A23B22BCD00C22B31 /* ThemeConfigurator.m */ = {isa = PBXFileReference; lastKnownFileType = sourcecode.c.objc; path = ThemeConfigurator.m; sourceTree = "<group>"; };
		47A28202BE16BDDF5FD4A2C0 /* ProfileViewController.swift */ = {isa = PBXFileReference; includeInIndex = 1; lastKnownFileType = sourcecode.swift; path = ProfileViewController.swift; sourceTree = "<group>"; };
		48CA90A216ACB2F1AC355B8C /* Pods-TXReplaykitUpload_Smart.release.xcconfig */ = {isa = PBXFileReference; includeInIndex = 1; lastKnownFileType = text.xcconfig; name = "Pods-TXReplaykitUpload_Smart.release.xcconfig"; path = "Target Support Files/Pods-TXReplaykitUpload_Smart/Pods-TXReplaykitUpload_Smart.release.xcconfig"; sourceTree = "<group>"; };
		51A289F8230FB93A00B9B73F /* OpenAL.framework */ = {isa = PBXFileReference; lastKnownFileType = wrapper.framework; name = OpenAL.framework; path = System/Library/Frameworks/OpenAL.framework; sourceTree = SDKROOT; };
		51A4AD391F1F8AE300B4A806 /* MediaPlayer.framework */ = {isa = PBXFileReference; lastKnownFileType = wrapper.framework; name = MediaPlayer.framework; path = System/Library/Frameworks/MediaPlayer.framework; sourceTree = SDKROOT; };
		6A03ED3F1FD13DFB00F2F063 /* UIViewController+BackButtonHandler.m */ = {isa = PBXFileReference; fileEncoding = 4; lastKnownFileType = sourcecode.c.objc; path = "UIViewController+BackButtonHandler.m"; sourceTree = "<group>"; };
		6A03ED401FD13DFB00F2F063 /* UIViewController+BackButtonHandler.h */ = {isa = PBXFileReference; fileEncoding = 4; lastKnownFileType = sourcecode.c.h; path = "UIViewController+BackButtonHandler.h"; sourceTree = "<group>"; };
		6A1C108A2281A674005D7BD9 /* PushLogView.h */ = {isa = PBXFileReference; fileEncoding = 4; lastKnownFileType = sourcecode.c.h; path = PushLogView.h; sourceTree = "<group>"; };
		6A1C109A2281A674005D7BD9 /* PushLogView.m */ = {isa = PBXFileReference; fileEncoding = 4; lastKnownFileType = sourcecode.c.objc; path = PushLogView.m; sourceTree = "<group>"; };
		6A3107172272E31A002F6115 /* PushBgmControl.h */ = {isa = PBXFileReference; lastKnownFileType = sourcecode.c.h; path = PushBgmControl.h; sourceTree = "<group>"; };
		6A3107182272E31A002F6115 /* PushBgmControl.m */ = {isa = PBXFileReference; lastKnownFileType = sourcecode.c.objc; path = PushBgmControl.m; sourceTree = "<group>"; };
		6A395A01234AEE9700AFBCE8 /* NSDictionary+Common.h */ = {isa = PBXFileReference; lastKnownFileType = sourcecode.c.h; path = "NSDictionary+Common.h"; sourceTree = "<group>"; };
		6A395A02234AEE9700AFBCE8 /* NSDictionary+Common.m */ = {isa = PBXFileReference; lastKnownFileType = sourcecode.c.objc; path = "NSDictionary+Common.m"; sourceTree = "<group>"; };
		6A503178249D03B200701E6B /* TRTCInfo.plist */ = {isa = PBXFileReference; lastKnownFileType = text.plist.xml; path = TRTCInfo.plist; sourceTree = "<group>"; };
		6A50322E24A1A68E00701E6B /* UserProtocol.html */ = {isa = PBXFileReference; fileEncoding = 4; lastKnownFileType = text.html; path = UserProtocol.html; sourceTree = "<group>"; };
		6F3B8CE66F615B5126697B01 /* Pods-TXLiteAVDemo_Smart.release.xcconfig */ = {isa = PBXFileReference; includeInIndex = 1; lastKnownFileType = text.xcconfig; name = "Pods-TXLiteAVDemo_Smart.release.xcconfig"; path = "Target Support Files/Pods-TXLiteAVDemo_Smart/Pods-TXLiteAVDemo_Smart.release.xcconfig"; sourceTree = "<group>"; };
		91D47F3920B6B13C0072AC0B /* ReplayKit.framework */ = {isa = PBXFileReference; lastKnownFileType = wrapper.framework; name = ReplayKit.framework; path = System/Library/Frameworks/ReplayKit.framework; sourceTree = SDKROOT; };
		91D47F3C20B6B13C0072AC0B /* SampleHandler.h */ = {isa = PBXFileReference; lastKnownFileType = sourcecode.c.h; path = SampleHandler.h; sourceTree = "<group>"; };
		91D47F3D20B6B13C0072AC0B /* SampleHandler.m */ = {isa = PBXFileReference; lastKnownFileType = sourcecode.c.objc; path = SampleHandler.m; sourceTree = "<group>"; };
		91D47F3F20B6B13C0072AC0B /* Info.plist */ = {isa = PBXFileReference; lastKnownFileType = text.plist.xml; path = Info.plist; sourceTree = "<group>"; };
		91F87A7E1FF4A0FC001644B1 /* libsqlite3.tbd */ = {isa = PBXFileReference; lastKnownFileType = "sourcecode.text-based-dylib-definition"; name = libsqlite3.tbd; path = usr/lib/libsqlite3.tbd; sourceTree = SDKROOT; };
		989986B80E1E50232B675AE9 /* Pods-TXReplaykitUpload_Smart.debug.xcconfig */ = {isa = PBXFileReference; includeInIndex = 1; lastKnownFileType = text.xcconfig; name = "Pods-TXReplaykitUpload_Smart.debug.xcconfig"; path = "Target Support Files/Pods-TXReplaykitUpload_Smart/Pods-TXReplaykitUpload_Smart.debug.xcconfig"; sourceTree = "<group>"; };
		A035040620D20A01007E61C6 /* QRCode.h */ = {isa = PBXFileReference; lastKnownFileType = sourcecode.c.h; path = QRCode.h; sourceTree = "<group>"; };
		A035040720D20A01007E61C6 /* QRCode.m */ = {isa = PBXFileReference; lastKnownFileType = sourcecode.c.objc; path = QRCode.m; sourceTree = "<group>"; };
		A035042E20D24F99007E61C6 /* AddressBarController.h */ = {isa = PBXFileReference; lastKnownFileType = sourcecode.c.h; path = AddressBarController.h; sourceTree = "<group>"; };
		A035042F20D24F99007E61C6 /* AddressBarController.m */ = {isa = PBXFileReference; lastKnownFileType = sourcecode.c.objc; path = AddressBarController.m; sourceTree = "<group>"; };
		A035043C20D2511A007E61C6 /* AddressBar.h */ = {isa = PBXFileReference; lastKnownFileType = sourcecode.c.h; path = AddressBar.h; sourceTree = "<group>"; };
		A035043D20D2511A007E61C6 /* AddressBar.m */ = {isa = PBXFileReference; lastKnownFileType = sourcecode.c.objc; path = AddressBar.m; sourceTree = "<group>"; };
		A065A9D117DFE893830751FB /* libPods-TXLiteAVDemo_Smart.a */ = {isa = PBXFileReference; explicitFileType = archive.ar; includeInIndex = 0; path = "libPods-TXLiteAVDemo_Smart.a"; sourceTree = BUILT_PRODUCTS_DIR; };
		B3E28116057CEFC3F0C9CDF1 /* ProfileViewController+UI.swift */ = {isa = PBXFileReference; includeInIndex = 1; lastKnownFileType = sourcecode.swift; path = "ProfileViewController+UI.swift"; sourceTree = "<group>"; };
		C0AAD88820A189F0DBB5C1A0 /* LoginViewController+UI_Mock.swift */ = {isa = PBXFileReference; includeInIndex = 1; lastKnownFileType = sourcecode.swift; path = "LoginViewController+UI_Mock.swift"; sourceTree = "<group>"; };
		C2298E859AEAC5ED650C5330 /* CommonUtils.swift */ = {isa = PBXFileReference; includeInIndex = 1; lastKnownFileType = sourcecode.swift; path = CommonUtils.swift; sourceTree = "<group>"; };
		CE45D2971F15C527003506D1 /* libc++.tbd */ = {isa = PBXFileReference; lastKnownFileType = "sourcecode.text-based-dylib-definition"; name = "libc++.tbd"; path = "usr/lib/libc++.tbd"; sourceTree = SDKROOT; };
		CE7C6E4A1FC2C5320095663F /* FilterResource.bundle */ = {isa = PBXFileReference; lastKnownFileType = "wrapper.plug-in"; path = FilterResource.bundle; sourceTree = "<group>"; };
		CF31F0EB1FBB2A7E0066BF7D /* Metal.framework */ = {isa = PBXFileReference; lastKnownFileType = wrapper.framework; name = Metal.framework; path = System/Library/Frameworks/Metal.framework; sourceTree = SDKROOT; };
		D50292D42272BAFE00C052B7 /* RoomUtil.m */ = {isa = PBXFileReference; fileEncoding = 4; lastKnownFileType = sourcecode.c.objc; path = RoomUtil.m; sourceTree = "<group>"; };
		D50292D52272BAFE00C052B7 /* RoomUtil.h */ = {isa = PBXFileReference; fileEncoding = 4; lastKnownFileType = sourcecode.c.h; path = RoomUtil.h; sourceTree = "<group>"; };
		D50292D62272BAFE00C052B7 /* IMMsgManager.m */ = {isa = PBXFileReference; fileEncoding = 4; lastKnownFileType = sourcecode.c.objc; path = IMMsgManager.m; sourceTree = "<group>"; };
		D50292D72272BAFE00C052B7 /* IMMsgManager.h */ = {isa = PBXFileReference; fileEncoding = 4; lastKnownFileType = sourcecode.c.h; path = IMMsgManager.h; sourceTree = "<group>"; };
		D50292DB2272BB0500C052B7 /* LiveRoomPusherViewController.h */ = {isa = PBXFileReference; fileEncoding = 4; lastKnownFileType = sourcecode.c.h; path = LiveRoomPusherViewController.h; sourceTree = "<group>"; };
		D50292DC2272BB0600C052B7 /* LiveRoomNewViewController.h */ = {isa = PBXFileReference; fileEncoding = 4; lastKnownFileType = sourcecode.c.h; path = LiveRoomNewViewController.h; sourceTree = "<group>"; };
		D50292DD2272BB0600C052B7 /* LiveRoomPlayerViewController.h */ = {isa = PBXFileReference; fileEncoding = 4; lastKnownFileType = sourcecode.c.h; path = LiveRoomPlayerViewController.h; sourceTree = "<group>"; };
		D50292DE2272BB0600C052B7 /* LiveRoomTableViewCell.h */ = {isa = PBXFileReference; fileEncoding = 4; lastKnownFileType = sourcecode.c.h; path = LiveRoomTableViewCell.h; sourceTree = "<group>"; };
		D50292DF2272BB0600C052B7 /* LiveRoomPusherViewController.m */ = {isa = PBXFileReference; fileEncoding = 4; lastKnownFileType = sourcecode.c.objc; path = LiveRoomPusherViewController.m; sourceTree = "<group>"; };
		D50292E02272BB0600C052B7 /* LiveRoomMsgListTableView.h */ = {isa = PBXFileReference; fileEncoding = 4; lastKnownFileType = sourcecode.c.h; path = LiveRoomMsgListTableView.h; sourceTree = "<group>"; };
		D50292E22272BB0600C052B7 /* LiveRoomPlayerViewController.m */ = {isa = PBXFileReference; fileEncoding = 4; lastKnownFileType = sourcecode.c.objc; path = LiveRoomPlayerViewController.m; sourceTree = "<group>"; };
		D50292E32272BB0600C052B7 /* LiveRoomTableViewCell.m */ = {isa = PBXFileReference; fileEncoding = 4; lastKnownFileType = sourcecode.c.objc; path = LiveRoomTableViewCell.m; sourceTree = "<group>"; };
		D50292E42272BB0600C052B7 /* LiveRoomMsgListTableViewCell.h */ = {isa = PBXFileReference; fileEncoding = 4; lastKnownFileType = sourcecode.c.h; path = LiveRoomMsgListTableViewCell.h; sourceTree = "<group>"; };
		D50292E52272BB0600C052B7 /* LiveRoomListViewController.m */ = {isa = PBXFileReference; fileEncoding = 4; lastKnownFileType = sourcecode.c.objc; path = LiveRoomListViewController.m; sourceTree = "<group>"; };
		D50292E62272BB0600C052B7 /* LiveRoomMsgListTableViewCell.m */ = {isa = PBXFileReference; fileEncoding = 4; lastKnownFileType = sourcecode.c.objc; path = LiveRoomMsgListTableViewCell.m; sourceTree = "<group>"; };
		D50292E72272BB0600C052B7 /* LiveRoomNewViewController.m */ = {isa = PBXFileReference; fileEncoding = 4; lastKnownFileType = sourcecode.c.objc; path = LiveRoomNewViewController.m; sourceTree = "<group>"; };
		D50292E82272BB0600C052B7 /* LiveRoomListViewController.h */ = {isa = PBXFileReference; fileEncoding = 4; lastKnownFileType = sourcecode.c.h; path = LiveRoomListViewController.h; sourceTree = "<group>"; };
		D50292E92272BB0700C052B7 /* LiveRoomMsgListTableView.m */ = {isa = PBXFileReference; fileEncoding = 4; lastKnownFileType = sourcecode.c.objc; path = LiveRoomMsgListTableView.m; sourceTree = "<group>"; };
		D50292F22272BB1100C052B7 /* MLVBLiveRoom.h */ = {isa = PBXFileReference; fileEncoding = 4; lastKnownFileType = sourcecode.c.h; path = MLVBLiveRoom.h; sourceTree = "<group>"; };
		D50292F32272BB1100C052B7 /* MLVBLiveRoomDef.h */ = {isa = PBXFileReference; fileEncoding = 4; lastKnownFileType = sourcecode.c.h; path = MLVBLiveRoomDef.h; sourceTree = "<group>"; };
		D50292F42272BB1100C052B7 /* MLVBLiveRoomDef.m */ = {isa = PBXFileReference; fileEncoding = 4; lastKnownFileType = sourcecode.c.objc; path = MLVBLiveRoomDef.m; sourceTree = "<group>"; };
		D50292F52272BB1200C052B7 /* MLVBLiveRoomDelegate.h */ = {isa = PBXFileReference; fileEncoding = 4; lastKnownFileType = sourcecode.c.h; path = MLVBLiveRoomDelegate.h; sourceTree = "<group>"; };
		D50292F62272BB1200C052B7 /* MLVBLiveRoom.m */ = {isa = PBXFileReference; fileEncoding = 4; lastKnownFileType = sourcecode.c.objc; path = MLVBLiveRoom.m; sourceTree = "<group>"; };
		D50292F92272BB1C00C052B7 /* PlayViewController.h */ = {isa = PBXFileReference; fileEncoding = 4; lastKnownFileType = sourcecode.c.h; path = PlayViewController.h; sourceTree = "<group>"; };
		D50292FA2272BB1C00C052B7 /* PlayViewController.m */ = {isa = PBXFileReference; fileEncoding = 4; lastKnownFileType = sourcecode.c.objc; path = PlayViewController.m; sourceTree = "<group>"; };
		D50292FC2272BB2500C052B7 /* CameraPushViewController.m */ = {isa = PBXFileReference; fileEncoding = 4; lastKnownFileType = sourcecode.c.objc; path = CameraPushViewController.m; sourceTree = "<group>"; };
		D50292FE2272BB2500C052B7 /* CameraPushViewController.h */ = {isa = PBXFileReference; fileEncoding = 4; lastKnownFileType = sourcecode.c.h; path = CameraPushViewController.h; sourceTree = "<group>"; };
		D50293002272BB2500C052B7 /* TXCAudioCustomRecorder.m */ = {isa = PBXFileReference; fileEncoding = 4; lastKnownFileType = sourcecode.c.objc; path = TXCAudioCustomRecorder.m; sourceTree = "<group>"; };
		D50293012272BB2500C052B7 /* PushMoreSettingViewController.m */ = {isa = PBXFileReference; fileEncoding = 4; lastKnownFileType = sourcecode.c.objc; path = PushMoreSettingViewController.m; sourceTree = "<group>"; };
		D50293022272BB2500C052B7 /* PushMoreSettingViewController.h */ = {isa = PBXFileReference; fileEncoding = 4; lastKnownFileType = sourcecode.c.h; path = PushMoreSettingViewController.h; sourceTree = "<group>"; };
		D50293032272BB2500C052B7 /* TXCAudioCustomRecorder.h */ = {isa = PBXFileReference; fileEncoding = 4; lastKnownFileType = sourcecode.c.h; path = TXCAudioCustomRecorder.h; sourceTree = "<group>"; };
		D50293042272BB2600C052B7 /* PushSettingViewController.h */ = {isa = PBXFileReference; fileEncoding = 4; lastKnownFileType = sourcecode.c.h; path = PushSettingViewController.h; sourceTree = "<group>"; };
		D50293052272BB2600C052B7 /* PushSettingViewController.m */ = {isa = PBXFileReference; fileEncoding = 4; lastKnownFileType = sourcecode.c.objc; path = PushSettingViewController.m; sourceTree = "<group>"; };
		D650607A20EE145F00C8BC44 /* libc.tbd */ = {isa = PBXFileReference; lastKnownFileType = "sourcecode.text-based-dylib-definition"; name = libc.tbd; path = usr/lib/libc.tbd; sourceTree = SDKROOT; };
		D6D9E37620D283E700B6D607 /* TXReplaykitUpload_Smart.appex */ = {isa = PBXFileReference; explicitFileType = "wrapper.app-extension"; includeInIndex = 0; path = TXReplaykitUpload_Smart.appex; sourceTree = BUILT_PRODUCTS_DIR; };
		D6E5D1C020B7B61F00812B2F /* ReplayKit2Define.h */ = {isa = PBXFileReference; fileEncoding = 4; lastKnownFileType = sourcecode.c.h; path = ReplayKit2Define.h; sourceTree = "<group>"; };
		D6E5D1C120B7B62000812B2F /* ScreenPushViewController.h */ = {isa = PBXFileReference; fileEncoding = 4; lastKnownFileType = sourcecode.c.h; path = ScreenPushViewController.h; sourceTree = "<group>"; };
		D6E5D1C220B7B62000812B2F /* ScreenPushViewController.m */ = {isa = PBXFileReference; fileEncoding = 4; lastKnownFileType = sourcecode.c.objc; path = ScreenPushViewController.m; sourceTree = "<group>"; };
		E15AF349A1D242B49774B588 /* AppUtils.swift */ = {isa = PBXFileReference; includeInIndex = 1; lastKnownFileType = sourcecode.swift; path = AppUtils.swift; sourceTree = "<group>"; };
		E34F954C25461B18BD145F73 /* ProfileManager_Mock.swift */ = {isa = PBXFileReference; includeInIndex = 1; lastKnownFileType = sourcecode.swift; path = ProfileManager_Mock.swift; sourceTree = "<group>"; };
		EFFD3A317E1ADBF8F8E6F554 /* LoginViewController_Mock.swift */ = {isa = PBXFileReference; includeInIndex = 1; lastKnownFileType = sourcecode.swift; path = LoginViewController_Mock.swift; sourceTree = "<group>"; };
/* End PBXFileReference section */

/* Begin PBXFrameworksBuildPhase section */
		400921CE1F4FCC52009B882D /* Frameworks */ = {
			isa = PBXFrameworksBuildPhase;
			buildActionMask = 2147483647;
			files = (
				4074E64D249F1FCF006C591F /* AudioEffectSettingKit.framework in Frameworks */,
				40AA5386244591DB00303EF7 /* TCBeautyPanel.framework in Frameworks */,
				912E57A5206A3A6500340AF5 /* libsqlite3.tbd in Frameworks */,
				400921CF1F4FCC52009B882D /* Foundation.framework in Frameworks */,
				400921D01F4FCC52009B882D /* AVFoundation.framework in Frameworks */,
				400921D11F4FCC52009B882D /* MediaPlayer.framework in Frameworks */,
				400921D31F4FCC52009B882D /* libiconv.tbd in Frameworks */,
				400921D41F4FCC52009B882D /* libz.tbd in Frameworks */,
				4071CF6D2444423D000B7707 /* TXLiteAVSDK_Smart.framework in Frameworks */,
				400921D51F4FCC52009B882D /* libc++.tbd in Frameworks */,
				400921D71F4FCC52009B882D /* libresolv.tbd in Frameworks */,
				400921D81F4FCC52009B882D /* SystemConfiguration.framework in Frameworks */,
				400921D91F4FCC52009B882D /* CoreTelephony.framework in Frameworks */,
				400921DA1F4FCC52009B882D /* VideoToolbox.framework in Frameworks */,
				400921DC1F4FCC52009B882D /* CoreMedia.framework in Frameworks */,
				400921DD1F4FCC52009B882D /* CoreGraphics.framework in Frameworks */,
				400921DE1F4FCC52009B882D /* Accelerate.framework in Frameworks */,
				400921DF1F4FCC52009B882D /* Security.framework in Frameworks */,
				400921E01F4FCC52009B882D /* AssetsLibrary.framework in Frameworks */,
				FFBF42EEE2BE1823CC8C9072 /* libPods-TXLiteAVDemo_Smart.a in Frameworks */,
			);
			runOnlyForDeploymentPostprocessing = 0;
		};
		D6D9E36B20D283E700B6D607 /* Frameworks */ = {
			isa = PBXFrameworksBuildPhase;
			buildActionMask = 2147483647;
			files = (
				4071CF6E2444423D000B7707 /* TXLiteAVSDK_Smart.framework in Frameworks */,
				D6D9E36D20D283E700B6D607 /* libresolv.tbd in Frameworks */,
				D6D9E36E20D283E700B6D607 /* libc++.tbd in Frameworks */,
				D6D9E37020D283E700B6D607 /* ReplayKit.framework in Frameworks */,
				4074E61F249F05BF006C591F /* (null) in Frameworks */,
				EF69648B8809D6DEA1B7139D /* libPods-TXReplaykitUpload_Smart.a in Frameworks */,
			);
			runOnlyForDeploymentPostprocessing = 0;
		};
/* End PBXFrameworksBuildPhase section */

/* Begin PBXGroup section */
		401A9A56247FCC6300C0763B /* AudioSettingKit */ = {
			isa = PBXGroup;
			children = (
				401A9B3D247FCC7600C0763B /* AudioEffectSettingKit.xcodeproj */,
			);
			path = AudioSettingKit;
			sourceTree = "<group>";
		};
		402A010A245070290037A219 /* BridgeHeader */ = {
			isa = PBXGroup;
			children = (
				402A00DD2450552E0037A219 /* TXLiteAVDemo-Bridging-Header.h */,
			);
			name = BridgeHeader;
			sourceTree = "<group>";
		};
		40495B1024592E2300AF53CB /* ScreenPushDemo */ = {
			isa = PBXGroup;
			children = (
				D6E5D1C120B7B62000812B2F /* ScreenPushViewController.h */,
				D6E5D1C220B7B62000812B2F /* ScreenPushViewController.m */,
			);
			path = ScreenPushDemo;
			sourceTree = "<group>";
		};
		40495B1124592E3400AF53CB /* CameraPushDemo */ = {
			isa = PBXGroup;
			children = (
				D50292FE2272BB2500C052B7 /* CameraPushViewController.h */,
				D50292FC2272BB2500C052B7 /* CameraPushViewController.m */,
				D50293022272BB2500C052B7 /* PushMoreSettingViewController.h */,
				D50293012272BB2500C052B7 /* PushMoreSettingViewController.m */,
				D50293042272BB2600C052B7 /* PushSettingViewController.h */,
				D50293052272BB2600C052B7 /* PushSettingViewController.m */,
				D50293032272BB2500C052B7 /* TXCAudioCustomRecorder.h */,
				D50293002272BB2500C052B7 /* TXCAudioCustomRecorder.m */,
				6A1C108A2281A674005D7BD9 /* PushLogView.h */,
				6A1C109A2281A674005D7BD9 /* PushLogView.m */,
				6A3107172272E31A002F6115 /* PushBgmControl.h */,
				6A3107182272E31A002F6115 /* PushBgmControl.m */,
			);
			path = CameraPushDemo;
			sourceTree = "<group>";
		};
		405339102465444D00A6B478 /* AppCommon */ = {
			isa = PBXGroup;
			children = (
				40B3F9D82446EF11000C37A3 /* CommonUtils */,
				40F853531EE8FCDF00EE47D7 /* ColorMacro.h */,
				40F853411EE8FCDF00EE47D7 /* Catetory */,
			);
			path = AppCommon;
			sourceTree = "<group>";
		};
		405339112465448800A6B478 /* LivePushCommon */ = {
			isa = PBXGroup;
			children = (
				40533957246645D900A6B478 /* QRScan */,
				4053391E24654CEF00A6B478 /* SmallButton */,
				4053391B24654CEF00A6B478 /* TCHttpUtil */,
				A035042020D24F73007E61C6 /* AddressBar */,
				45E74D9923B22BCD00C22B31 /* ThemeConfigurator.h */,
				45E74D9A23B22BCD00C22B31 /* ThemeConfigurator.m */,
			);
			path = LivePushCommon;
			sourceTree = "<group>";
		};
		4053391B24654CEF00A6B478 /* TCHttpUtil */ = {
			isa = PBXGroup;
			children = (
				4053391C24654CEF00A6B478 /* TCHttpUtil.m */,
				4053391D24654CEF00A6B478 /* TCHttpUtil.h */,
			);
			path = TCHttpUtil;
			sourceTree = "<group>";
		};
		4053391E24654CEF00A6B478 /* SmallButton */ = {
			isa = PBXGroup;
			children = (
				4053391F24654CEF00A6B478 /* SmallButton.m */,
				4053392024654CEF00A6B478 /* SmallButton.h */,
			);
			path = SmallButton;
			sourceTree = "<group>";
		};
		4053392A2465512600A6B478 /* LivePushResource */ = {
			isa = PBXGroup;
			children = (
				405339282465511700A6B478 /* bgm_demo.mp3 */,
			);
			path = LivePushResource;
			sourceTree = "<group>";
		};
		40533957246645D900A6B478 /* QRScan */ = {
			isa = PBXGroup;
			children = (
				40533958246645D900A6B478 /* ScanQRController.h */,
				40533959246645D900A6B478 /* ScanQRController.mm */,
			);
			path = QRScan;
			sourceTree = "<group>";
		};
		4090F788246AE22000EA72A0 /* Main */ = {
			isa = PBXGroup;
			children = (
				40F853291EE8FC8400EE47D7 /* MainTableViewCell.h */,
				40F8532A1EE8FC8400EE47D7 /* MainTableViewCell.m */,
				40F8532B1EE8FC8400EE47D7 /* MainViewController.h */,
				40F8532C1EE8FC8400EE47D7 /* MainViewController.m */,
			);
			path = Main;
			sourceTree = "<group>";
		};
		40A49D5F24598CD200BFCB18 /* Products */ = {
			isa = PBXGroup;
			children = (
				40A49D6524598CD700BFCB18 /* UGCKit.framework */,
				40A49D6724598CD700BFCB18 /* UGCKitResources.bundle */,
			);
			name = Products;
			sourceTree = "<group>";
		};
		40AA533424458EC800303EF7 /* BeautySettingKit */ = {
			isa = PBXGroup;
			children = (
				40AA533524458EC800303EF7 /* TCBeautyPanel.xcodeproj */,
			);
			path = BeautySettingKit;
			sourceTree = "<group>";
		};
		40AA533624458EC800303EF7 /* Products */ = {
			isa = PBXGroup;
			children = (
				40AA536524458EC800303EF7 /* TCBeautyPanel.framework */,
				40AA536724458EC800303EF7 /* TCBeautyPanelResources.bundle */,
			);
			name = Products;
			sourceTree = "<group>";
		};
		40B3F8DB2446E6C5000C37A3 /* Debug */ = {
			isa = PBXGroup;
			children = (
				40B3F8DC2446E6C5000C37A3 /* GenerateTestUserSig.m */,
				40B3F8DD2446E6C5000C37A3 /* GenerateTestUserSig.h */,
			);
			path = Debug;
			sourceTree = "<group>";
		};
		40B3F9D82446EF11000C37A3 /* CommonUtils */ = {
			isa = PBXGroup;
			children = (
				40B3F9DE2446EF11000C37A3 /* TCLog.h */,
				40B3F9DA2446EF11000C37A3 /* TCLog.m */,
				40B3F9D92446EF11000C37A3 /* TCUtil.h */,
				40B3F9DD2446EF11000C37A3 /* TCUtil.m */,
			);
			path = CommonUtils;
			sourceTree = "<group>";
		};
		40B5C67D2484BBE500D3A718 /* Products */ = {
			isa = PBXGroup;
			children = (
				40B5C6832484BBE500D3A718 /* AudioEffectSettingKit.framework */,
				40B5C6852484BBE500D3A718 /* AudioEffectSettingKitExample.app */,
				40B5C6872484BBE500D3A718 /* AudioEffectSettingKitResources.bundle */,
			);
			name = Products;
			sourceTree = "<group>";
		};
		40F852FA1EE8FB3800EE47D7 = {
			isa = PBXGroup;
			children = (
				45736E91243F5B2200F7F601 /* SDK */,
				40F853051EE8FB3800EE47D7 /* TXLiteAVDemo */,
				91D47F3B20B6B13C0072AC0B /* ReplaykitUpload */,
				40F854FF1EE8FD2F00EE47D7 /* Frameworks */,
				40F853041EE8FB3800EE47D7 /* Products */,
				DE336FBCF7A8A2B1C7E9E0C1 /* Pods */,
			);
			sourceTree = "<group>";
		};
		40F853041EE8FB3800EE47D7 /* Products */ = {
			isa = PBXGroup;
			children = (
				400922A11F4FCC52009B882D /* TXLiteAVDemo_Smart.app */,
				D6D9E37620D283E700B6D607 /* TXReplaykitUpload_Smart.appex */,
			);
			name = Products;
			sourceTree = "<group>";
		};
		40F853051EE8FB3800EE47D7 /* TXLiteAVDemo */ = {
			isa = PBXGroup;
			children = (
				401A9A56247FCC6300C0763B /* AudioSettingKit */,
				40F853241EE8FC8400EE47D7 /* App */,
				40B3F8DB2446E6C5000C37A3 /* Debug */,
				40F8531D1EE8FC1E00EE47D7 /* Supporting Files */,
				40AA533424458EC800303EF7 /* BeautySettingKit */,
				D50292D02272BA4A00C052B7 /* MLVBLiveRoomDemo */,
				D50292CF2272BA3F00C052B7 /* LivePlayerDemo */,
				D50292CD2272BA2A00C052B7 /* LivePusherDemo */,
				7761FDBF09F5D4FCA6D36115 /* Login */,
			);
			path = TXLiteAVDemo;
			sourceTree = "<group>";
		};
		40F8531D1EE8FC1E00EE47D7 /* Supporting Files */ = {
			isa = PBXGroup;
			children = (
				402A010024506F740037A219 /* main.m */,
				40F853311EE8FC9B00EE47D7 /* LaunchScreen.storyboard */,
				40F853331EE8FC9B00EE47D7 /* Main.storyboard */,
				402A010724506F9C0037A219 /* Info.plist */,
			);
			name = "Supporting Files";
			sourceTree = "<group>";
		};
		40F853241EE8FC8400EE47D7 /* App */ = {
			isa = PBXGroup;
			children = (
				4090F788246AE22000EA72A0 /* Main */,
				40F853721EE8FD0700EE47D7 /* Resource */,
				405339102465444D00A6B478 /* AppCommon */,
				402A010A245070290037A219 /* BridgeHeader */,
				40F853251EE8FC8400EE47D7 /* AppDelegate.h */,
				40F853261EE8FC8400EE47D7 /* AppDelegate.m */,
				40F853271EE8FC8400EE47D7 /* AppLogMgr.h */,
				40F853281EE8FC8400EE47D7 /* AppLogMgr.m */,
				D6E5D1C020B7B61F00812B2F /* ReplayKit2Define.h */,
			);
			path = App;
			sourceTree = "<group>";
		};
		40F853411EE8FCDF00EE47D7 /* Catetory */ = {
			isa = PBXGroup;
			children = (
				40B3FA012447056D000C37A3 /* UIColor+MLPFlatColors.h */,
				40B3FA002447056D000C37A3 /* UIColor+MLPFlatColors.m */,
				40B3F9FE2447042C000C37A3 /* HUDHelper.h */,
				40B3F9FD2447042B000C37A3 /* HUDHelper.m */,
				6A03ED401FD13DFB00F2F063 /* UIViewController+BackButtonHandler.h */,
				6A03ED3F1FD13DFB00F2F063 /* UIViewController+BackButtonHandler.m */,
				40F853421EE8FCDF00EE47D7 /* NSData+Common.h */,
				40F853431EE8FCDF00EE47D7 /* NSData+Common.m */,
				40F853441EE8FCDF00EE47D7 /* NSObject+CommonBlock.h */,
				40F853451EE8FCDF00EE47D7 /* NSObject+CommonBlock.m */,
				40F853461EE8FCDF00EE47D7 /* NSString+Common.h */,
				40F853471EE8FCDF00EE47D7 /* NSString+Common.m */,
				40F853481EE8FCDF00EE47D7 /* UIButton+Additions.h */,
				40F853491EE8FCDF00EE47D7 /* UIButton+Additions.m */,
				40F8534A1EE8FCDF00EE47D7 /* UIButton+Glossy.h */,
				40F8534B1EE8FCDF00EE47D7 /* UIButton+Glossy.m */,
				40F8534C1EE8FCDF00EE47D7 /* UIImage+Additions.h */,
				40F8534D1EE8FCDF00EE47D7 /* UIImage+Additions.m */,
				40F8534E1EE8FCDF00EE47D7 /* UIView+Additions.h */,
				40F8534F1EE8FCDF00EE47D7 /* UIView+Additions.m */,
				40F853501EE8FCDF00EE47D7 /* UIView+CustomAutoLayout.h */,
				40F853511EE8FCDF00EE47D7 /* UIView+CustomAutoLayout.m */,
				457FD2F821C7530C00EEB03F /* NSString+UISize.h */,
				457FD2F921C7530C00EEB03F /* NSString+UISize.m */,
				6A395A01234AEE9700AFBCE8 /* NSDictionary+Common.h */,
				6A395A02234AEE9700AFBCE8 /* NSDictionary+Common.m */,
			);
			path = Catetory;
			sourceTree = "<group>";
		};
		40F853721EE8FD0700EE47D7 /* Resource */ = {
			isa = PBXGroup;
			children = (
				6A50322E24A1A68E00701E6B /* UserProtocol.html */,
				40F853221EE8FC7300EE47D7 /* Assets.xcassets */,
				CE7C6E4A1FC2C5320095663F /* FilterResource.bundle */,
				45C37797226765A60054D0B8 /* Settings.bundle */,
			);
			path = Resource;
			sourceTree = "<group>";
		};
		40F854FF1EE8FD2F00EE47D7 /* Frameworks */ = {
			isa = PBXGroup;
			children = (
				2840D91B24B8562200723FBC /* AudioToolbox.framework */,
				40802A272484BBBE008151C1 /* AudioEffectSettingKit.framework */,
				40AA539724459DF900303EF7 /* UGCKit.framework */,
				4071CF702444477A000B7707 /* libsqlite3.0.tbd */,
				51A289F8230FB93A00B9B73F /* OpenAL.framework */,
				D650607A20EE145F00C8BC44 /* libc.tbd */,
				91F87A7E1FF4A0FC001644B1 /* libsqlite3.tbd */,
				CF31F0EB1FBB2A7E0066BF7D /* Metal.framework */,
				40407ACA1F3035CA006C7301 /* Foundation.framework */,
				51A4AD391F1F8AE300B4A806 /* MediaPlayer.framework */,
				CE45D2971F15C527003506D1 /* libc++.tbd */,
				40F8554E1EE8FE0100EE47D7 /* libiconv.tbd */,
				40F8554C1EE8FDFC00EE47D7 /* libz.tbd */,
				40F855481EE8FDF100EE47D7 /* libresolv.tbd */,
				40F855461EE8FDE800EE47D7 /* SystemConfiguration.framework */,
				40F855441EE8FDE100EE47D7 /* CoreTelephony.framework */,
				40F855421EE8FDDA00EE47D7 /* VideoToolbox.framework */,
				40F855401EE8FDD300EE47D7 /* CoreMedia.framework */,
				40F8553E1EE8FDCC00EE47D7 /* CoreGraphics.framework */,
				40F8553C1EE8FDC500EE47D7 /* AVFoundation.framework */,
				40F8553A1EE8FDBF00EE47D7 /* Accelerate.framework */,
				40F855381EE8FDB600EE47D7 /* Security.framework */,
				40F855361EE8FDAD00EE47D7 /* AssetsLibrary.framework */,
				91D47F3920B6B13C0072AC0B /* ReplayKit.framework */,
				A065A9D117DFE893830751FB /* libPods-TXLiteAVDemo_Smart.a */,
				3B8883463F7DB6469C26CDBF /* libPods-TXReplaykitUpload_Smart.a */,
			);
			name = Frameworks;
			sourceTree = "<group>";
		};
		45736E91243F5B2200F7F601 /* SDK */ = {
			isa = PBXGroup;
			children = (
				4071CF6B2444423D000B7707 /* TXLiteAVSDK_Smart.framework */,
			);
			name = SDK;
			path = ../SDK;
			sourceTree = "<group>";
		};
		7761FDBF09F5D4FCA6D36115 /* Login */ = {
			isa = PBXGroup;
			children = (
				EFFD3A317E1ADBF8F8E6F554 /* LoginViewController_Mock.swift */,
				E34F954C25461B18BD145F73 /* ProfileManager_Mock.swift */,
				C0AAD88820A189F0DBB5C1A0 /* LoginViewController+UI_Mock.swift */,
				E15AF349A1D242B49774B588 /* AppUtils.swift */,
				C2298E859AEAC5ED650C5330 /* CommonUtils.swift */,
				47A28202BE16BDDF5FD4A2C0 /* ProfileViewController.swift */,
				B3E28116057CEFC3F0C9CDF1 /* ProfileViewController+UI.swift */,
			);
			name = Login;
			path = TXLiteAVDemo/Login;
			sourceTree = SOURCE_ROOT;
		};
		91D47F3B20B6B13C0072AC0B /* ReplaykitUpload */ = {
			isa = PBXGroup;
			children = (
				6A503178249D03B200701E6B /* TRTCInfo.plist */,
				45CC58AB246290BB002A914E /* SimpleIPC.h */,
				45CC58AA246290BB002A914E /* SimpleIPC.m */,
				91D47F3C20B6B13C0072AC0B /* SampleHandler.h */,
				91D47F3D20B6B13C0072AC0B /* SampleHandler.m */,
				91D47F3F20B6B13C0072AC0B /* Info.plist */,
			);
			path = ReplaykitUpload;
			sourceTree = "<group>";
		};
		A035042020D24F73007E61C6 /* AddressBar */ = {
			isa = PBXGroup;
			children = (
				A035042E20D24F99007E61C6 /* AddressBarController.h */,
				A035042F20D24F99007E61C6 /* AddressBarController.m */,
				A035043C20D2511A007E61C6 /* AddressBar.h */,
				A035043D20D2511A007E61C6 /* AddressBar.m */,
				A035040620D20A01007E61C6 /* QRCode.h */,
				A035040720D20A01007E61C6 /* QRCode.m */,
			);
			path = AddressBar;
			sourceTree = "<group>";
		};
		D50292CD2272BA2A00C052B7 /* LivePusherDemo */ = {
			isa = PBXGroup;
			children = (
				4053392A2465512600A6B478 /* LivePushResource */,
				405339112465448800A6B478 /* LivePushCommon */,
				40495B1124592E3400AF53CB /* CameraPushDemo */,
				40495B1024592E2300AF53CB /* ScreenPushDemo */,
			);
			path = LivePusherDemo;
			sourceTree = "<group>";
		};
		D50292CF2272BA3F00C052B7 /* LivePlayerDemo */ = {
			isa = PBXGroup;
			children = (
				D50292F92272BB1C00C052B7 /* PlayViewController.h */,
				D50292FA2272BB1C00C052B7 /* PlayViewController.m */,
			);
			path = LivePlayerDemo;
			sourceTree = "<group>";
		};
		D50292D02272BA4A00C052B7 /* MLVBLiveRoomDemo */ = {
			isa = PBXGroup;
			children = (
				D50292D32272BA6100C052B7 /* RoomUtil */,
				D50292D22272BA5900C052B7 /* LiveRoomUI */,
				D50292D12272BA5100C052B7 /* LiveRoom */,
			);
			path = MLVBLiveRoomDemo;
			sourceTree = "<group>";
		};
		D50292D12272BA5100C052B7 /* LiveRoom */ = {
			isa = PBXGroup;
			children = (
				D50292F22272BB1100C052B7 /* MLVBLiveRoom.h */,
				D50292F62272BB1200C052B7 /* MLVBLiveRoom.m */,
				D50292F32272BB1100C052B7 /* MLVBLiveRoomDef.h */,
				D50292F42272BB1100C052B7 /* MLVBLiveRoomDef.m */,
				D50292F52272BB1200C052B7 /* MLVBLiveRoomDelegate.h */,
			);
			path = LiveRoom;
			sourceTree = "<group>";
		};
		D50292D22272BA5900C052B7 /* LiveRoomUI */ = {
			isa = PBXGroup;
			children = (
				D50292E82272BB0600C052B7 /* LiveRoomListViewController.h */,
				D50292E52272BB0600C052B7 /* LiveRoomListViewController.m */,
				D50292E02272BB0600C052B7 /* LiveRoomMsgListTableView.h */,
				D50292E92272BB0700C052B7 /* LiveRoomMsgListTableView.m */,
				D50292E42272BB0600C052B7 /* LiveRoomMsgListTableViewCell.h */,
				D50292E62272BB0600C052B7 /* LiveRoomMsgListTableViewCell.m */,
				D50292DC2272BB0600C052B7 /* LiveRoomNewViewController.h */,
				D50292E72272BB0600C052B7 /* LiveRoomNewViewController.m */,
				D50292DD2272BB0600C052B7 /* LiveRoomPlayerViewController.h */,
				D50292E22272BB0600C052B7 /* LiveRoomPlayerViewController.m */,
				D50292DB2272BB0500C052B7 /* LiveRoomPusherViewController.h */,
				D50292DF2272BB0600C052B7 /* LiveRoomPusherViewController.m */,
				D50292DE2272BB0600C052B7 /* LiveRoomTableViewCell.h */,
				D50292E32272BB0600C052B7 /* LiveRoomTableViewCell.m */,
				4509E5D122816E8D001FF14A /* LiveRoomAccPlayerView.h */,
				4509E5D222816E8D001FF14A /* LiveRoomAccPlayerView.m */,
			);
			path = LiveRoomUI;
			sourceTree = "<group>";
		};
		D50292D32272BA6100C052B7 /* RoomUtil */ = {
			isa = PBXGroup;
			children = (
				D50292D72272BAFE00C052B7 /* IMMsgManager.h */,
				D50292D62272BAFE00C052B7 /* IMMsgManager.m */,
				D50292D52272BAFE00C052B7 /* RoomUtil.h */,
				D50292D42272BAFE00C052B7 /* RoomUtil.m */,
			);
			path = RoomUtil;
			sourceTree = "<group>";
		};
		DE336FBCF7A8A2B1C7E9E0C1 /* Pods */ = {
			isa = PBXGroup;
			children = (
				3FE55542D416212AADE83B12 /* Pods-TXLiteAVDemo_Smart.debug.xcconfig */,
				6F3B8CE66F615B5126697B01 /* Pods-TXLiteAVDemo_Smart.release.xcconfig */,
				989986B80E1E50232B675AE9 /* Pods-TXReplaykitUpload_Smart.debug.xcconfig */,
				48CA90A216ACB2F1AC355B8C /* Pods-TXReplaykitUpload_Smart.release.xcconfig */,
			);
			path = Pods;
			sourceTree = "<group>";
		};
/* End PBXGroup section */

/* Begin PBXNativeTarget section */
		400921911F4FCC52009B882D /* TXLiteAVDemo_Smart */ = {
			isa = PBXNativeTarget;
			buildConfigurationList = 4009229E1F4FCC52009B882D /* Build configuration list for PBXNativeTarget "TXLiteAVDemo_Smart" */;
			buildPhases = (
				88F5A8C353DF5B1382E762EC /* [CP] Check Pods Manifest.lock */,
				400921941F4FCC52009B882D /* Sources */,
				400921CE1F4FCC52009B882D /* Frameworks */,
				400921E21F4FCC52009B882D /* Resources */,
				20D258B7ABDBAF7DCC76CF1E /* [CP] Copy Pods Resources */,
				401C7D81179086582FD978AF /* [CP] Embed Pods Frameworks */,
				D6D9E37C20D2850D00B6D607 /* Embed App Extensions */,
			);
			buildRules = (
			);
			dependencies = (
				4074E64A249F1FC7006C591F /* PBXTargetDependency */,
				40A49D7124598D6B00BFCB18 /* PBXTargetDependency */,
				40A49D7324598D6B00BFCB18 /* PBXTargetDependency */,
				40A8A0672452D9B200BB06FC /* PBXTargetDependency */,
				D67F9E7A20F4660C0086D8DD /* PBXTargetDependency */,
			);
			name = TXLiteAVDemo_Smart;
			productName = TXLiteAVDemo;
			productReference = 400922A11F4FCC52009B882D /* TXLiteAVDemo_Smart.app */;
			productType = "com.apple.product-type.application";
		};
		D6D9E36520D283E700B6D607 /* TXReplaykitUpload_Smart */ = {
			isa = PBXNativeTarget;
			buildConfigurationList = D6D9E37220D283E700B6D607 /* Build configuration list for PBXNativeTarget "TXReplaykitUpload_Smart" */;
			buildPhases = (
				04A6FB18D5A6AF0A41D0178B /* [CP] Check Pods Manifest.lock */,
				D6D9E36620D283E700B6D607 /* Sources */,
				D6D9E36B20D283E700B6D607 /* Frameworks */,
				D6D9E37120D283E700B6D607 /* Resources */,
			);
			buildRules = (
			);
			dependencies = (
			);
			name = TXReplaykitUpload_Smart;
			productName = ReplaykitUpload;
			productReference = D6D9E37620D283E700B6D607 /* TXReplaykitUpload_Smart.appex */;
			productType = "com.apple.product-type.app-extension";
		};
/* End PBXNativeTarget section */

/* Begin PBXProject section */
		40F852FB1EE8FB3800EE47D7 /* Project object */ = {
			isa = PBXProject;
			attributes = {
				LastSwiftUpdateCheck = 1140;
				LastUpgradeCheck = 0830;
				ORGANIZATIONNAME = Tencent;
				TargetAttributes = {
					400921911F4FCC52009B882D = {
						DevelopmentTeam = 5GHU44CJHG;
						ProvisioningStyle = Manual;
					};
					D6D9E36520D283E700B6D607 = {
						DevelopmentTeam = 5GHU44CJHG;
						ProvisioningStyle = Manual;
					};
				};
			};
			buildConfigurationList = 40F852FE1EE8FB3800EE47D7 /* Build configuration list for PBXProject "TXLiteAVDemo" */;
			compatibilityVersion = "Xcode 3.2";
			developmentRegion = English;
			hasScannedForEncodings = 0;
			knownRegions = (
				English,
				en,
				Base,
				de,
				es,
				ja,
				pl,
				"zh-Hans",
			);
			mainGroup = 40F852FA1EE8FB3800EE47D7;
			productRefGroup = 40F853041EE8FB3800EE47D7 /* Products */;
			projectDirPath = "";
			projectReferences = (
				{
					ProductGroup = 40B5C67D2484BBE500D3A718 /* Products */;
					ProjectRef = 401A9B3D247FCC7600C0763B /* AudioEffectSettingKit.xcodeproj */;
				},
				{
					ProductGroup = 40AA533624458EC800303EF7 /* Products */;
					ProjectRef = 40AA533524458EC800303EF7 /* TCBeautyPanel.xcodeproj */;
				},
				{
					ProductGroup = 40A49D5F24598CD200BFCB18 /* Products */;
					ProjectRef = 40A49D5E24598CD200BFCB18 /* UGCKit.xcodeproj */;
				},
			);
			projectRoot = "";
			targets = (
				400921911F4FCC52009B882D /* TXLiteAVDemo_Smart */,
				D6D9E36520D283E700B6D607 /* TXReplaykitUpload_Smart */,
			);
		};
/* End PBXProject section */

/* Begin PBXReferenceProxy section */
		40A49D6524598CD700BFCB18 /* UGCKit.framework */ = {
			isa = PBXReferenceProxy;
			fileType = wrapper.framework;
			path = UGCKit.framework;
			remoteRef = 40A49D6424598CD700BFCB18 /* PBXContainerItemProxy */;
			sourceTree = BUILT_PRODUCTS_DIR;
		};
		40A49D6724598CD700BFCB18 /* UGCKitResources.bundle */ = {
			isa = PBXReferenceProxy;
			fileType = wrapper.cfbundle;
			path = UGCKitResources.bundle;
			remoteRef = 40A49D6624598CD700BFCB18 /* PBXContainerItemProxy */;
			sourceTree = BUILT_PRODUCTS_DIR;
		};
		40AA536524458EC800303EF7 /* TCBeautyPanel.framework */ = {
			isa = PBXReferenceProxy;
			fileType = wrapper.framework;
			path = TCBeautyPanel.framework;
			remoteRef = 40AA536424458EC800303EF7 /* PBXContainerItemProxy */;
			sourceTree = BUILT_PRODUCTS_DIR;
		};
		40AA536724458EC800303EF7 /* TCBeautyPanelResources.bundle */ = {
			isa = PBXReferenceProxy;
			fileType = wrapper.cfbundle;
			path = TCBeautyPanelResources.bundle;
			remoteRef = 40AA536624458EC800303EF7 /* PBXContainerItemProxy */;
			sourceTree = BUILT_PRODUCTS_DIR;
		};
		40B5C6832484BBE500D3A718 /* AudioEffectSettingKit.framework */ = {
			isa = PBXReferenceProxy;
			fileType = wrapper.framework;
			path = AudioEffectSettingKit.framework;
			remoteRef = 40B5C6822484BBE500D3A718 /* PBXContainerItemProxy */;
			sourceTree = BUILT_PRODUCTS_DIR;
		};
		40B5C6852484BBE500D3A718 /* AudioEffectSettingKitExample.app */ = {
			isa = PBXReferenceProxy;
			fileType = wrapper.application;
			path = AudioEffectSettingKitExample.app;
			remoteRef = 40B5C6842484BBE500D3A718 /* PBXContainerItemProxy */;
			sourceTree = BUILT_PRODUCTS_DIR;
		};
		40B5C6872484BBE500D3A718 /* AudioEffectSettingKitResources.bundle */ = {
			isa = PBXReferenceProxy;
			fileType = wrapper.cfbundle;
			path = AudioEffectSettingKitResources.bundle;
			remoteRef = 40B5C6862484BBE500D3A718 /* PBXContainerItemProxy */;
			sourceTree = BUILT_PRODUCTS_DIR;
		};
/* End PBXReferenceProxy section */

/* Begin PBXResourcesBuildPhase section */
		400921E21F4FCC52009B882D /* Resources */ = {
			isa = PBXResourcesBuildPhase;
			buildActionMask = 2147483647;
			files = (
				405874DB2445BCBA009B3503 /* TCBeautyPanelResources.bundle in Resources */,
				6A50323324A1A68E00701E6B /* UserProtocol.html in Resources */,
				40A49D7424598DA000BFCB18 /* UGCKitResources.bundle in Resources */,
				4074E64E249F1FD5006C591F /* AudioEffectSettingKitResources.bundle in Resources */,
				D62EDBED1FF4D77900092D1A /* FilterResource.bundle in Resources */,
				405339292465511700A6B478 /* bgm_demo.mp3 in Resources */,
				400922481F4FCC52009B882D /* LaunchScreen.storyboard in Resources */,
				400922511F4FCC52009B882D /* Assets.xcassets in Resources */,
				45C3779A226765A60054D0B8 /* Settings.bundle in Resources */,
				4009227D1F4FCC52009B882D /* Main.storyboard in Resources */,
			);
			runOnlyForDeploymentPostprocessing = 0;
		};
		D6D9E37120D283E700B6D607 /* Resources */ = {
			isa = PBXResourcesBuildPhase;
			buildActionMask = 2147483647;
			files = (
			);
			runOnlyForDeploymentPostprocessing = 0;
		};
/* End PBXResourcesBuildPhase section */

/* Begin PBXShellScriptBuildPhase section */
		04A6FB18D5A6AF0A41D0178B /* [CP] Check Pods Manifest.lock */ = {
			isa = PBXShellScriptBuildPhase;
			buildActionMask = 2147483647;
			files = (
			);
			inputFileListPaths = (
			);
			inputPaths = (
				"${PODS_PODFILE_DIR_PATH}/Podfile.lock",
				"${PODS_ROOT}/Manifest.lock",
			);
			name = "[CP] Check Pods Manifest.lock";
			outputFileListPaths = (
			);
			outputPaths = (
				"$(DERIVED_FILE_DIR)/Pods-TXReplaykitUpload_Smart-checkManifestLockResult.txt",
			);
			runOnlyForDeploymentPostprocessing = 0;
			shellPath = /bin/sh;
			shellScript = "diff \"${PODS_PODFILE_DIR_PATH}/Podfile.lock\" \"${PODS_ROOT}/Manifest.lock\" > /dev/null\nif [ $? != 0 ] ; then\n    # print error to STDERR\n    echo \"error: The sandbox is not in sync with the Podfile.lock. Run 'pod install' or update your CocoaPods installation.\" >&2\n    exit 1\nfi\n# This output is used by Xcode 'outputs' to avoid re-running this script phase.\necho \"SUCCESS\" > \"${SCRIPT_OUTPUT_FILE_0}\"\n";
			showEnvVarsInLog = 0;
		};
		20D258B7ABDBAF7DCC76CF1E /* [CP] Copy Pods Resources */ = {
			isa = PBXShellScriptBuildPhase;
			buildActionMask = 2147483647;
			files = (
			);
			inputPaths = (
				"${PODS_ROOT}/Target Support Files/Pods-TXLiteAVDemo_Smart/Pods-TXLiteAVDemo_Smart-resources.sh",
				"${PODS_ROOT}/MJRefresh/MJRefresh/MJRefresh.bundle",
				"${PODS_CONFIGURATION_BUILD_DIR}/Material/com.cosmicmind.material.icons.bundle",
				"${PODS_CONFIGURATION_BUILD_DIR}/Material/com.cosmicmind.material.fonts.bundle",
			);
			name = "[CP] Copy Pods Resources";
			outputPaths = (
				"${TARGET_BUILD_DIR}/${UNLOCALIZED_RESOURCES_FOLDER_PATH}/MJRefresh.bundle",
				"${TARGET_BUILD_DIR}/${UNLOCALIZED_RESOURCES_FOLDER_PATH}/com.cosmicmind.material.icons.bundle",
				"${TARGET_BUILD_DIR}/${UNLOCALIZED_RESOURCES_FOLDER_PATH}/com.cosmicmind.material.fonts.bundle",
			);
			runOnlyForDeploymentPostprocessing = 0;
			shellPath = /bin/sh;
			shellScript = "\"${PODS_ROOT}/Target Support Files/Pods-TXLiteAVDemo_Smart/Pods-TXLiteAVDemo_Smart-resources.sh\"\n";
			showEnvVarsInLog = 0;
		};
		401C7D81179086582FD978AF /* [CP] Embed Pods Frameworks */ = {
			isa = PBXShellScriptBuildPhase;
			buildActionMask = 2147483647;
			files = (
			);
			inputPaths = (
				"${PODS_ROOT}/Target Support Files/Pods-TXLiteAVDemo_Smart/Pods-TXLiteAVDemo_Smart-frameworks.sh",
				"${PODS_ROOT}/TXIMSDK_iOS/ImSDK.framework",
			);
			name = "[CP] Embed Pods Frameworks";
			outputPaths = (
				"${TARGET_BUILD_DIR}/${FRAMEWORKS_FOLDER_PATH}/ImSDK.framework",
			);
			runOnlyForDeploymentPostprocessing = 0;
			shellPath = /bin/sh;
			shellScript = "\"${PODS_ROOT}/Target Support Files/Pods-TXLiteAVDemo_Smart/Pods-TXLiteAVDemo_Smart-frameworks.sh\"\n";
			showEnvVarsInLog = 0;
		};
		88F5A8C353DF5B1382E762EC /* [CP] Check Pods Manifest.lock */ = {
			isa = PBXShellScriptBuildPhase;
			buildActionMask = 2147483647;
			files = (
			);
			inputFileListPaths = (
			);
			inputPaths = (
				"${PODS_PODFILE_DIR_PATH}/Podfile.lock",
				"${PODS_ROOT}/Manifest.lock",
			);
			name = "[CP] Check Pods Manifest.lock";
			outputFileListPaths = (
			);
			outputPaths = (
				"$(DERIVED_FILE_DIR)/Pods-TXLiteAVDemo_Smart-checkManifestLockResult.txt",
			);
			runOnlyForDeploymentPostprocessing = 0;
			shellPath = /bin/sh;
			shellScript = "diff \"${PODS_PODFILE_DIR_PATH}/Podfile.lock\" \"${PODS_ROOT}/Manifest.lock\" > /dev/null\nif [ $? != 0 ] ; then\n    # print error to STDERR\n    echo \"error: The sandbox is not in sync with the Podfile.lock. Run 'pod install' or update your CocoaPods installation.\" >&2\n    exit 1\nfi\n# This output is used by Xcode 'outputs' to avoid re-running this script phase.\necho \"SUCCESS\" > \"${SCRIPT_OUTPUT_FILE_0}\"\n";
			showEnvVarsInLog = 0;
		};
/* End PBXShellScriptBuildPhase section */

/* Begin PBXSourcesBuildPhase section */
		400921941F4FCC52009B882D /* Sources */ = {
			isa = PBXSourcesBuildPhase;
			buildActionMask = 2147483647;
			files = (
				D541373E22796084006D9C9D /* IMMsgManager.m in Sources */,
				D541373F22796084006D9C9D /* RoomUtil.m in Sources */,
				D541374022796084006D9C9D /* LiveRoomListViewController.m in Sources */,
				D541374122796084006D9C9D /* LiveRoomMsgListTableView.m in Sources */,
				D541374222796084006D9C9D /* LiveRoomMsgListTableViewCell.m in Sources */,
				D541374322796084006D9C9D /* LiveRoomNewViewController.m in Sources */,
				D541374522796084006D9C9D /* LiveRoomPlayerViewController.m in Sources */,
				D541374622796084006D9C9D /* LiveRoomPusherViewController.m in Sources */,
				D541374722796084006D9C9D /* LiveRoomTableViewCell.m in Sources */,
				D541374822796084006D9C9D /* MLVBLiveRoom.m in Sources */,
				D541374922796084006D9C9D /* MLVBLiveRoomDef.m in Sources */,
				D541374A22796084006D9C9D /* PlayViewController.m in Sources */,
				D541374B22796084006D9C9D /* CameraPushViewController.m in Sources */,
				D541374C22796084006D9C9D /* PushMoreSettingViewController.m in Sources */,
				D541374D22796084006D9C9D /* PushSettingViewController.m in Sources */,
				D541374E22796084006D9C9D /* TXCAudioCustomRecorder.m in Sources */,
				D541374F22796084006D9C9D /* PushBgmControl.m in Sources */,
				405339122465449E00A6B478 /* ThemeConfigurator.m in Sources */,
				6A1C109D2281A675005D7BD9 /* PushLogView.m in Sources */,
				4009219C1F4FCC52009B882D /* UIButton+Glossy.m in Sources */,
				4053392124654CEF00A6B478 /* TCHttpUtil.m in Sources */,
				A035043220D24F99007E61C6 /* AddressBarController.m in Sources */,
				400921A51F4FCC52009B882D /* AppDelegate.m in Sources */,
				4053392224654CEF00A6B478 /* SmallButton.m in Sources */,
				A035044020D2511A007E61C6 /* AddressBar.m in Sources */,
				400921AB1F4FCC52009B882D /* UIView+Additions.m in Sources */,
				400921AC1F4FCC52009B882D /* AppLogMgr.m in Sources */,
				45CC58AE246290BB002A914E /* SimpleIPC.m in Sources */,
				400921AF1F4FCC52009B882D /* MainTableViewCell.m in Sources */,
				4053395A246645D900A6B478 /* ScanQRController.mm in Sources */,
				400921B01F4FCC52009B882D /* NSString+Common.m in Sources */,
				A035040A20D20A01007E61C6 /* QRCode.m in Sources */,
				40E1F4462468F74700F3D350 /* NSString+UISize.m in Sources */,
				6A03ED431FD13E0C00F2F063 /* UIViewController+BackButtonHandler.m in Sources */,
				400921B51F4FCC52009B882D /* MainViewController.m in Sources */,
				40E1F44B2468F74F00F3D350 /* NSDictionary+Common.m in Sources */,
				4509E5D522816E8D001FF14A /* LiveRoomAccPlayerView.m in Sources */,
				400921B91F4FCC52009B882D /* UIButton+Additions.m in Sources */,
				400921BC1F4FCC52009B882D /* UIView+CustomAutoLayout.m in Sources */,
				40E1F43F2468F72900F3D350 /* UIColor+MLPFlatColors.m in Sources */,
				6A5032A524A25E2100701E6B /* GenerateTestUserSig.m in Sources */,
				D6E5D1C520B7B62000812B2F /* ScreenPushViewController.m in Sources */,
				402A010324506F740037A219 /* main.m in Sources */,
				400921C01F4FCC52009B882D /* NSObject+CommonBlock.m in Sources */,
				40E1F4422468F72F00F3D350 /* HUDHelper.m in Sources */,
				400921C81F4FCC52009B882D /* NSData+Common.m in Sources */,
				400921C91F4FCC52009B882D /* UIImage+Additions.m in Sources */,
				B97CC9901D43C35FA7CBE446 /* LoginViewController_Mock.swift in Sources */,
				C0A3A875CEBA80D283D0CA79 /* ProfileManager_Mock.swift in Sources */,
				D97116AC98CD71991A67E7B7 /* LoginViewController+UI_Mock.swift in Sources */,
				2F0430C9112933CE351FAD5F /* AppUtils.swift in Sources */,
				F2AF5B44A688CC8220F39DEF /* CommonUtils.swift in Sources */,
				139005358BA08D2D0246B9EB /* ProfileViewController.swift in Sources */,
				D72E6798277CCF8C8FAB2E50 /* ProfileViewController+UI.swift in Sources */,
			);
			runOnlyForDeploymentPostprocessing = 0;
		};
		D6D9E36620D283E700B6D607 /* Sources */ = {
			isa = PBXSourcesBuildPhase;
			buildActionMask = 2147483647;
			files = (
				45CC58AF246290FA002A914E /* SimpleIPC.m in Sources */,
				D6D9E36720D283E700B6D607 /* SampleHandler.m in Sources */,
			);
			runOnlyForDeploymentPostprocessing = 0;
		};
/* End PBXSourcesBuildPhase section */

/* Begin PBXTargetDependency section */
		4074E64A249F1FC7006C591F /* PBXTargetDependency */ = {
			isa = PBXTargetDependency;
			name = AudioEffectSettingKitResources;
			targetProxy = 4074E649249F1FC7006C591F /* PBXContainerItemProxy */;
		};
		40A49D7124598D6B00BFCB18 /* PBXTargetDependency */ = {
			isa = PBXTargetDependency;
			name = UGCKit;
			targetProxy = 40A49D7024598D6B00BFCB18 /* PBXContainerItemProxy */;
		};
		40A49D7324598D6B00BFCB18 /* PBXTargetDependency */ = {
			isa = PBXTargetDependency;
			name = UGCKitResources;
			targetProxy = 40A49D7224598D6B00BFCB18 /* PBXContainerItemProxy */;
		};
		40A8A0672452D9B200BB06FC /* PBXTargetDependency */ = {
			isa = PBXTargetDependency;
			name = TCBeautyPanelResources;
			targetProxy = 40A8A0662452D9B200BB06FC /* PBXContainerItemProxy */;
		};
		D67F9E7A20F4660C0086D8DD /* PBXTargetDependency */ = {
			isa = PBXTargetDependency;
			target = D6D9E36520D283E700B6D607 /* TXReplaykitUpload_Smart */;
			targetProxy = D67F9E7920F4660C0086D8DD /* PBXContainerItemProxy */;
		};
/* End PBXTargetDependency section */

/* Begin PBXVariantGroup section */
		40F853311EE8FC9B00EE47D7 /* LaunchScreen.storyboard */ = {
			isa = PBXVariantGroup;
			children = (
				40F853321EE8FC9B00EE47D7 /* Base */,
			);
			name = LaunchScreen.storyboard;
			sourceTree = "<group>";
		};
		40F853331EE8FC9B00EE47D7 /* Main.storyboard */ = {
			isa = PBXVariantGroup;
			children = (
				40F853341EE8FC9B00EE47D7 /* Base */,
			);
			name = Main.storyboard;
			sourceTree = "<group>";
		};
/* End PBXVariantGroup section */

/* Begin XCBuildConfiguration section */
		4009229F1F4FCC52009B882D /* Debug */ = {
			isa = XCBuildConfiguration;
			baseConfigurationReference = 3FE55542D416212AADE83B12 /* Pods-TXLiteAVDemo_Smart.debug.xcconfig */;
			buildSettings = {
				ASSETCATALOG_COMPILER_APPICON_NAME = AppIcon;
				CLANG_CXX_LANGUAGE_STANDARD = "c++0x";
				CODE_SIGN_IDENTITY = "iPhone Developer";
				"CODE_SIGN_IDENTITY[sdk=iphoneos*]" = "iPhone Developer";
				CODE_SIGN_STYLE = Manual;
				DEVELOPMENT_TEAM = 5GHU44CJHG;
				ENABLE_BITCODE = NO;
				FRAMEWORK_SEARCH_PATHS = (
					"$(inherited)",
					"$(PROJECT_DIR)/TXLiteAVDemo",
					"$(PROJECT_DIR)/../SDK",
				);
				GCC_C_LANGUAGE_STANDARD = gnu99;
				GCC_ENABLE_CPP_EXCEPTIONS = NO;
				GCC_ENABLE_CPP_RTTI = NO;
				GCC_PREPROCESSOR_DEFINITIONS = (
					"$(inherited)",
					"SDK_MAIN_VERSION=$(MAIN_VERSION)",
					"SDK_SUB_VERSION=$(SUB_VERSION)",
					"SDK_FIX_VERSION=$(FIX_VERSION)",
					"SDK_BUILD_NUMBER=$(BUILD_NUMBER)",
					ENABLE_PUSH,
					SMART,
				);
				HEADER_SEARCH_PATHS = (
					"$(inherited)",
					"$(PROJECT_DIR)/../../sdk/liteav/build/$(CONFIGURATION)$(EFFECTIVE_PLATFORM_NAME)/TXLiteAVSDK_Smart.framework/Headers",
					"$(CONFIGURATION_BUILD_DIR)/TXLiteAVSDK_Smart.framework/Headers",
					"$(PROJECT_DIR)/../SDK/TXLiteAVSDK_Smart.framework/Headers",
				);
				INFOPLIST_FILE = TXLiteAVDemo/App/Info.plist;
				IPHONEOS_DEPLOYMENT_TARGET = 9.0;
				LD_RUNPATH_SEARCH_PATHS = "$(inherited) @executable_path/Frameworks";
				MARKETING_VERSION = 7.2.1;
				OTHER_LDFLAGS = (
					"$(inherited)",
					"-ObjC",
				);
				PRODUCT_BUNDLE_IDENTIFIER = com.tencent.fx.rtmpdemo2;
				PRODUCT_NAME = "$(TARGET_NAME)";
				PROVISIONING_PROFILE_SPECIFIER = "Wildcard Dev";
				STRIP_INSTALLED_PRODUCT = NO;
				SWIFT_OBJC_BRIDGING_HEADER = "$(PROJECT_DIR)/TXLiteAVDemo/App/TXLiteAVDemo-Bridging-Header.h";
				SWIFT_OBJC_INTERFACE_HEADER_NAME = "TXLiteAVDemo-Swift.h";
				SWIFT_VERSION = 5.0;
				TARGETED_DEVICE_FAMILY = 1;
			};
			name = Debug;
		};
		400922A01F4FCC52009B882D /* Release */ = {
			isa = XCBuildConfiguration;
			baseConfigurationReference = 6F3B8CE66F615B5126697B01 /* Pods-TXLiteAVDemo_Smart.release.xcconfig */;
			buildSettings = {
				ASSETCATALOG_COMPILER_APPICON_NAME = AppIcon;
				CLANG_CXX_LANGUAGE_STANDARD = "c++0x";
				CLANG_DEBUG_INFORMATION_LEVEL = "line-tables-only";
				CODE_SIGN_IDENTITY = "iPhone Distribution";
				"CODE_SIGN_IDENTITY[sdk=iphoneos*]" = "iPhone Distribution";
				CODE_SIGN_STYLE = Manual;
				COPY_PHASE_STRIP = YES;
				DEVELOPMENT_TEAM = FN2V63AD2J;
				ENABLE_BITCODE = NO;
				FRAMEWORK_SEARCH_PATHS = (
					"$(inherited)",
					"$(PROJECT_DIR)/TXLiteAVDemo",
					"$(PROJECT_DIR)/../SDK",
				);
				GCC_C_LANGUAGE_STANDARD = gnu99;
				GCC_ENABLE_CPP_EXCEPTIONS = NO;
				GCC_ENABLE_CPP_RTTI = NO;
				GCC_PREPROCESSOR_DEFINITIONS = (
					"$(inherited)",
					"SDK_MAIN_VERSION=$(MAIN_VERSION)",
					"SDK_SUB_VERSION=$(SUB_VERSION)",
					"SDK_FIX_VERSION=$(FIX_VERSION)",
					"SDK_BUILD_NUMBER=$(BUILD_NUMBER)",
					ENABLE_PUSH,
					SMART,
				);
				HEADER_SEARCH_PATHS = (
					"$(inherited)",
					"$(PROJECT_DIR)/../../sdk/liteav/build/$(CONFIGURATION)$(EFFECTIVE_PLATFORM_NAME)/TXLiteAVSDK_Smart.framework/Headers",
					"$(CONFIGURATION_BUILD_DIR)/TXLiteAVSDK_Smart.framework/Headers",
					"$(PROJECT_DIR)/../SDK/TXLiteAVSDK_Smart.framework/Headers",
				);
				INFOPLIST_FILE = TXLiteAVDemo/App/Info.plist;
				IPHONEOS_DEPLOYMENT_TARGET = 9.0;
				LD_GENERATE_MAP_FILE = YES;
				LD_RUNPATH_SEARCH_PATHS = "$(inherited) @executable_path/Frameworks";
				MARKETING_VERSION = 7.2.1;
				OTHER_LDFLAGS = (
					"$(inherited)",
					"-ObjC",
				);
				PRODUCT_BUNDLE_IDENTIFIER = com.tencent.fx.rtmpdemo2;
				PRODUCT_NAME = "$(TARGET_NAME)";
				PROVISIONING_PROFILE_SPECIFIER = com.tencent.fx.rtmpdemo2_Production_SignProvision;
				SWIFT_OBJC_BRIDGING_HEADER = "$(PROJECT_DIR)/TXLiteAVDemo/App/TXLiteAVDemo-Bridging-Header.h";
				SWIFT_OBJC_INTERFACE_HEADER_NAME = "TXLiteAVDemo-Swift.h";
				SWIFT_VERSION = 5.0;
				TARGETED_DEVICE_FAMILY = 1;
			};
			name = Release;
		};
		40F853181EE8FB3800EE47D7 /* Debug */ = {
			isa = XCBuildConfiguration;
			buildSettings = {
				ALWAYS_SEARCH_USER_PATHS = NO;
				CLANG_ANALYZER_NONNULL = YES;
				CLANG_ANALYZER_NUMBER_OBJECT_CONVERSION = YES_AGGRESSIVE;
				CLANG_CXX_LANGUAGE_STANDARD = "gnu++0x";
				CLANG_CXX_LIBRARY = "libc++";
				CLANG_ENABLE_MODULES = YES;
				CLANG_ENABLE_OBJC_ARC = YES;
				CLANG_WARN_BOOL_CONVERSION = YES;
				CLANG_WARN_CONSTANT_CONVERSION = YES;
				CLANG_WARN_DIRECT_OBJC_ISA_USAGE = YES_ERROR;
				CLANG_WARN_DOCUMENTATION_COMMENTS = YES;
				CLANG_WARN_EMPTY_BODY = YES;
				CLANG_WARN_ENUM_CONVERSION = YES;
				CLANG_WARN_INFINITE_RECURSION = YES;
				CLANG_WARN_INT_CONVERSION = YES;
				CLANG_WARN_OBJC_IMPLICIT_RETAIN_SELF = YES;
				CLANG_WARN_OBJC_ROOT_CLASS = YES_ERROR;
				CLANG_WARN_SUSPICIOUS_MOVE = YES;
				CLANG_WARN_UNREACHABLE_CODE = YES;
				CLANG_WARN__DUPLICATE_METHOD_MATCH = YES;
				"CODE_SIGN_IDENTITY[sdk=iphoneos*]" = "iPhone Developer";
				COPY_PHASE_STRIP = NO;
				DEBUG_INFORMATION_FORMAT = dwarf;
				ENABLE_STRICT_OBJC_MSGSEND = YES;
				ENABLE_TESTABILITY = YES;
				FRAMEWORK_SEARCH_PATHS = "$(SRCROOT)/../SDK";
				GCC_C_LANGUAGE_STANDARD = gnu99;
				GCC_DYNAMIC_NO_PIC = NO;
				GCC_NO_COMMON_BLOCKS = YES;
				GCC_OPTIMIZATION_LEVEL = 0;
				GCC_PREPROCESSOR_DEFINITIONS = (
					"DEBUG=1",
					"$(inherited)",
				);
				GCC_WARN_64_TO_32_BIT_CONVERSION = YES;
				GCC_WARN_ABOUT_RETURN_TYPE = YES_ERROR;
				GCC_WARN_UNDECLARED_SELECTOR = YES;
				GCC_WARN_UNINITIALIZED_AUTOS = YES_AGGRESSIVE;
				GCC_WARN_UNUSED_FUNCTION = YES;
				GCC_WARN_UNUSED_VARIABLE = YES;
				IPHONEOS_DEPLOYMENT_TARGET = 10.3;
				MTL_ENABLE_DEBUG_INFO = YES;
				ONLY_ACTIVE_ARCH = YES;
				SDKROOT = iphoneos;
				TARGETED_DEVICE_FAMILY = "1,2";
			};
			name = Debug;
		};
		40F853191EE8FB3800EE47D7 /* Release */ = {
			isa = XCBuildConfiguration;
			buildSettings = {
				ALWAYS_SEARCH_USER_PATHS = NO;
				CLANG_ANALYZER_NONNULL = YES;
				CLANG_ANALYZER_NUMBER_OBJECT_CONVERSION = YES_AGGRESSIVE;
				CLANG_CXX_LANGUAGE_STANDARD = "gnu++0x";
				CLANG_CXX_LIBRARY = "libc++";
				CLANG_ENABLE_MODULES = YES;
				CLANG_ENABLE_OBJC_ARC = YES;
				CLANG_WARN_BOOL_CONVERSION = YES;
				CLANG_WARN_CONSTANT_CONVERSION = YES;
				CLANG_WARN_DIRECT_OBJC_ISA_USAGE = YES_ERROR;
				CLANG_WARN_DOCUMENTATION_COMMENTS = YES;
				CLANG_WARN_EMPTY_BODY = YES;
				CLANG_WARN_ENUM_CONVERSION = YES;
				CLANG_WARN_INFINITE_RECURSION = YES;
				CLANG_WARN_INT_CONVERSION = YES;
				CLANG_WARN_OBJC_IMPLICIT_RETAIN_SELF = YES;
				CLANG_WARN_OBJC_ROOT_CLASS = YES_ERROR;
				CLANG_WARN_SUSPICIOUS_MOVE = YES;
				CLANG_WARN_UNREACHABLE_CODE = YES;
				CLANG_WARN__DUPLICATE_METHOD_MATCH = YES;
				"CODE_SIGN_IDENTITY[sdk=iphoneos*]" = "iPhone Distribution: Tencent Technology (Shenzhen) Co., Ltd";
				COPY_PHASE_STRIP = NO;
				DEBUG_INFORMATION_FORMAT = "dwarf-with-dsym";
				ENABLE_NS_ASSERTIONS = NO;
				ENABLE_STRICT_OBJC_MSGSEND = YES;
				FRAMEWORK_SEARCH_PATHS = "$(SRCROOT)/../SDK";
				GCC_C_LANGUAGE_STANDARD = gnu99;
				GCC_NO_COMMON_BLOCKS = YES;
				GCC_WARN_64_TO_32_BIT_CONVERSION = YES;
				GCC_WARN_ABOUT_RETURN_TYPE = YES_ERROR;
				GCC_WARN_UNDECLARED_SELECTOR = YES;
				GCC_WARN_UNINITIALIZED_AUTOS = YES_AGGRESSIVE;
				GCC_WARN_UNUSED_FUNCTION = YES;
				GCC_WARN_UNUSED_VARIABLE = YES;
				IPHONEOS_DEPLOYMENT_TARGET = 10.3;
				MTL_ENABLE_DEBUG_INFO = NO;
				SDKROOT = iphoneos;
				TARGETED_DEVICE_FAMILY = "1,2";
				VALIDATE_PRODUCT = YES;
			};
			name = Release;
		};
		D6D9E37320D283E700B6D607 /* Debug */ = {
			isa = XCBuildConfiguration;
			baseConfigurationReference = 989986B80E1E50232B675AE9 /* Pods-TXReplaykitUpload_Smart.debug.xcconfig */;
			buildSettings = {
				CLANG_CXX_LANGUAGE_STANDARD = "gnu++14";
				CLANG_WARN_BLOCK_CAPTURE_AUTORELEASING = YES;
				CLANG_WARN_COMMA = YES;
				CLANG_WARN_NON_LITERAL_NULL_CONVERSION = YES;
				CLANG_WARN_OBJC_LITERAL_CONVERSION = YES;
				CLANG_WARN_RANGE_LOOP_ANALYSIS = YES;
				CLANG_WARN_STRICT_PROTOTYPES = YES;
				CLANG_WARN_UNGUARDED_AVAILABILITY = YES_AGGRESSIVE;
				CODE_SIGN_IDENTITY = "iPhone Developer";
				"CODE_SIGN_IDENTITY[sdk=iphoneos*]" = "iPhone Developer";
				CODE_SIGN_STYLE = Manual;
				DEVELOPMENT_TEAM = 5GHU44CJHG;
				ENABLE_BITCODE = NO;
				FRAMEWORK_SEARCH_PATHS = (
					"$(inherited)",
					"$(PROJECT_DIR)/../SDK",
				);
				GCC_C_LANGUAGE_STANDARD = gnu11;
				GCC_PREPROCESSOR_DEFINITIONS = (
					"$(inherited)",
					"COCOAPODS=1",
				);
				HEADER_SEARCH_PATHS = (
					"$(inherited)",
					"$(CONFIGURATION_BUILD_DIR)/TXLiteAVSDK_Smart.framework/Headers",
					"$(PROJECT_DIR)/../SDK/TXLiteAVSDK_Smart.framework/Headers",
				);
				INFOPLIST_FILE = ReplaykitUpload/Info.plist;
				IPHONEOS_DEPLOYMENT_TARGET = 11.0;
				LD_RUNPATH_SEARCH_PATHS = "$(inherited) @executable_path/Frameworks @executable_path/../../Frameworks";
				PRODUCT_BUNDLE_IDENTIFIER = com.tencent.fx.rtmpdemo2.ReplaykitUpload;
				PRODUCT_NAME = "$(TARGET_NAME)";
				PROVISIONING_PROFILE_SPECIFIER = "Wildcard Dev";
				SKIP_INSTALL = YES;
				TARGETED_DEVICE_FAMILY = 1;
			};
			name = Debug;
		};
		D6D9E37420D283E700B6D607 /* Release */ = {
			isa = XCBuildConfiguration;
			baseConfigurationReference = 48CA90A216ACB2F1AC355B8C /* Pods-TXReplaykitUpload_Smart.release.xcconfig */;
			buildSettings = {
				CLANG_CXX_LANGUAGE_STANDARD = "gnu++14";
				CLANG_WARN_BLOCK_CAPTURE_AUTORELEASING = YES;
				CLANG_WARN_COMMA = YES;
				CLANG_WARN_NON_LITERAL_NULL_CONVERSION = YES;
				CLANG_WARN_OBJC_LITERAL_CONVERSION = YES;
				CLANG_WARN_RANGE_LOOP_ANALYSIS = YES;
				CLANG_WARN_STRICT_PROTOTYPES = YES;
				CLANG_WARN_UNGUARDED_AVAILABILITY = YES_AGGRESSIVE;
				CODE_SIGN_IDENTITY = "iPhone Distribution";
				"CODE_SIGN_IDENTITY[sdk=iphoneos*]" = "iPhone Distribution";
				CODE_SIGN_STYLE = Manual;
				DEVELOPMENT_TEAM = FN2V63AD2J;
				ENABLE_BITCODE = NO;
				FRAMEWORK_SEARCH_PATHS = (
					"$(inherited)",
					"$(PROJECT_DIR)/../SDK",
				);
				GCC_C_LANGUAGE_STANDARD = gnu11;
				GCC_PREPROCESSOR_DEFINITIONS = (
					"$(inherited)",
					"COCOAPODS=1",
				);
				HEADER_SEARCH_PATHS = (
					"$(inherited)",
					"$(CONFIGURATION_BUILD_DIR)/TXLiteAVSDK_Smart.framework/Headers",
					"$(PROJECT_DIR)/../SDK/TXLiteAVSDK_Smart.framework/Headers",
				);
				INFOPLIST_FILE = ReplaykitUpload/Info.plist;
				IPHONEOS_DEPLOYMENT_TARGET = 11.0;
				LD_RUNPATH_SEARCH_PATHS = "$(inherited) @executable_path/Frameworks @executable_path/../../Frameworks";
				PRODUCT_BUNDLE_IDENTIFIER = com.tencent.fx.rtmpdemo2.Upload;
				PRODUCT_NAME = "$(TARGET_NAME)";
				PROVISIONING_PROFILE_SPECIFIER = com.tencent.fx.rtmpdemo2.Upload_Production_SignProvision;
				SKIP_INSTALL = YES;
				TARGETED_DEVICE_FAMILY = 1;
			};
			name = Release;
		};
/* End XCBuildConfiguration section */

/* Begin XCConfigurationList section */
		4009229E1F4FCC52009B882D /* Build configuration list for PBXNativeTarget "TXLiteAVDemo_Smart" */ = {
			isa = XCConfigurationList;
			buildConfigurations = (
				4009229F1F4FCC52009B882D /* Debug */,
				400922A01F4FCC52009B882D /* Release */,
			);
			defaultConfigurationIsVisible = 0;
			defaultConfigurationName = Release;
		};
		40F852FE1EE8FB3800EE47D7 /* Build configuration list for PBXProject "TXLiteAVDemo" */ = {
			isa = XCConfigurationList;
			buildConfigurations = (
				40F853181EE8FB3800EE47D7 /* Debug */,
				40F853191EE8FB3800EE47D7 /* Release */,
			);
			defaultConfigurationIsVisible = 0;
			defaultConfigurationName = Release;
		};
		D6D9E37220D283E700B6D607 /* Build configuration list for PBXNativeTarget "TXReplaykitUpload_Smart" */ = {
			isa = XCConfigurationList;
			buildConfigurations = (
				D6D9E37320D283E700B6D607 /* Debug */,
				D6D9E37420D283E700B6D607 /* Release */,
			);
			defaultConfigurationIsVisible = 0;
			defaultConfigurationName = Release;
		};
/* End XCConfigurationList section */
	};
	rootObject = 40F852FB1EE8FB3800EE47D7 /* Project object */;
}
