// !$*UTF8*$!
{
	archiveVersion = 1;
	classes = {
	};
	objectVersion = 46;
	objects = {

/* Begin PBXBuildFile section */
		04C6F1112742881100691C0D /* GenerateTestUserSig.swift in Sources */ = {isa = PBXBuildFile; fileRef = 04C6F1102742881100691C0D /* GenerateTestUserSig.swift */; };
		04C6F14127428A8F00691C0D /* TUIAudioEffectViewController.m in Sources */ = {isa = PBXBuildFile; fileRef = 04C6F13127428A8F00691C0D /* TUIAudioEffectViewController.m */; };
		04C6F14327428A8F00691C0D /* LaunchScreen.storyboard in Resources */ = {isa = PBXBuildFile; fileRef = 04C6F13527428A8F00691C0D /* LaunchScreen.storyboard */; };
		04C6F14427428A8F00691C0D /* Main.storyboard in Resources */ = {isa = PBXBuildFile; fileRef = 04C6F13727428A8F00691C0D /* Main.storyboard */; };
		04C6F14527428A8F00691C0D /* main.m in Sources */ = {isa = PBXBuildFile; fileRef = 04C6F13B27428A8F00691C0D /* main.m */; };
		04C6F14627428A8F00691C0D /* Images.xcassets in Resources */ = {isa = PBXBuildFile; fileRef = 04C6F13D27428A8F00691C0D /* Images.xcassets */; };
		04C6F14727428A8F00691C0D /* TUIAppDelegate.m in Sources */ = {isa = PBXBuildFile; fileRef = 04C6F13E27428A8F00691C0D /* TUIAppDelegate.m */; };
		04C6F14827428A8F00691C0D /* TUIAudioEffectView-Info.plist in Resources */ = {isa = PBXBuildFile; fileRef = 04C6F13F27428A8F00691C0D /* TUIAudioEffectView-Info.plist */; };
		04C6F15827428B3500691C0D /* TRTCRegisterRootView.swift in Sources */ = {isa = PBXBuildFile; fileRef = 04C6F14A27428B3400691C0D /* TRTCRegisterRootView.swift */; };
		04C6F15927428B3500691C0D /* TRTCLoginRootView.swift in Sources */ = {isa = PBXBuildFile; fileRef = 04C6F14B27428B3400691C0D /* TRTCLoginRootView.swift */; };
		04C6F15A27428B3500691C0D /* UserAgreementViewController+UI.swift in Sources */ = {isa = PBXBuildFile; fileRef = 04C6F14C27428B3400691C0D /* UserAgreementViewController+UI.swift */; };
		04C6F15B27428B3500691C0D /* LoginLocalized.strings in Resources */ = {isa = PBXBuildFile; fileRef = 04C6F14E27428B3400691C0D /* LoginLocalized.strings */; };
		04C6F15C27428B3500691C0D /* LoginLocalized.swift in Sources */ = {isa = PBXBuildFile; fileRef = 04C6F15127428B3400691C0D /* LoginLocalized.swift */; };
		04C6F15D27428B3500691C0D /* TRTCLoginViewController.swift in Sources */ = {isa = PBXBuildFile; fileRef = 04C6F15227428B3400691C0D /* TRTCLoginViewController.swift */; };
		04C6F15E27428B3500691C0D /* ProfileManager_Mock.swift in Sources */ = {isa = PBXBuildFile; fileRef = 04C6F15327428B3400691C0D /* ProfileManager_Mock.swift */; };
		04C6F15F27428B3500691C0D /* AppUtils.swift in Sources */ = {isa = PBXBuildFile; fileRef = 04C6F15427428B3400691C0D /* AppUtils.swift */; };
		04C6F16027428B3500691C0D /* TRTCRegisterViewController.swift in Sources */ = {isa = PBXBuildFile; fileRef = 04C6F15527428B3400691C0D /* TRTCRegisterViewController.swift */; };
		04C6F16127428B3500691C0D /* UserAgreementViewController.swift in Sources */ = {isa = PBXBuildFile; fileRef = 04C6F15627428B3400691C0D /* UserAgreementViewController.swift */; };
		04C6F16227428B3500691C0D /* LayoutDefine.swift in Sources */ = {isa = PBXBuildFile; fileRef = 04C6F15727428B3400691C0D /* LayoutDefine.swift */; };
		04C6F16427428C0A00691C0D /* TUIAppDelegate+Register.swift in Sources */ = {isa = PBXBuildFile; fileRef = 04C6F16327428C0A00691C0D /* TUIAppDelegate+Register.swift */; };
		6003F58E195388D20070C39A /* Foundation.framework in Frameworks */ = {isa = PBXBuildFile; fileRef = 6003F58D195388D20070C39A /* Foundation.framework */; };
		6003F590195388D20070C39A /* CoreGraphics.framework in Frameworks */ = {isa = PBXBuildFile; fileRef = 6003F58F195388D20070C39A /* CoreGraphics.framework */; };
		6003F592195388D20070C39A /* UIKit.framework in Frameworks */ = {isa = PBXBuildFile; fileRef = 6003F591195388D20070C39A /* UIKit.framework */; };
		A8F557D94D2C45FAA4BED231 /* Pods_TUIAudioEffectView_Example.framework in Frameworks */ = {isa = PBXBuildFile; fileRef = 5BCF81FE80F3F2CDD1B8603E /* Pods_TUIAudioEffectView_Example.framework */; };
/* End PBXBuildFile section */

/* Begin PBXFileReference section */
		03920153D23D43A03E3F45FF /* Pods-TUIAudioEffectView_Tests.debug.xcconfig */ = {isa = PBXFileReference; includeInIndex = 1; lastKnownFileType = text.xcconfig; name = "Pods-TUIAudioEffectView_Tests.debug.xcconfig"; path = "Target Support Files/Pods-TUIAudioEffectView_Tests/Pods-TUIAudioEffectView_Tests.debug.xcconfig"; sourceTree = "<group>"; };
		04C6F1102742881100691C0D /* GenerateTestUserSig.swift */ = {isa = PBXFileReference; fileEncoding = 4; lastKnownFileType = sourcecode.swift; path = GenerateTestUserSig.swift; sourceTree = "<group>"; };
		04C6F13127428A8F00691C0D /* TUIAudioEffectViewController.m */ = {isa = PBXFileReference; fileEncoding = 4; lastKnownFileType = sourcecode.c.objc; path = TUIAudioEffectViewController.m; sourceTree = "<group>"; };
		04C6F13427428A8F00691C0D /* TUIAudioEffectView-Prefix.pch */ = {isa = PBXFileReference; fileEncoding = 4; lastKnownFileType = sourcecode.c.h; path = "TUIAudioEffectView-Prefix.pch"; sourceTree = "<group>"; };
		04C6F13627428A8F00691C0D /* Base */ = {isa = PBXFileReference; lastKnownFileType = file.storyboard; name = Base; path = Base.lproj/LaunchScreen.storyboard; sourceTree = "<group>"; };
		04C6F13827428A8F00691C0D /* Base */ = {isa = PBXFileReference; lastKnownFileType = file.storyboard; name = Base; path = Base.lproj/Main.storyboard; sourceTree = "<group>"; };
		04C6F13927428A8F00691C0D /* TUIAppDelegate.h */ = {isa = PBXFileReference; fileEncoding = 4; lastKnownFileType = sourcecode.c.h; path = TUIAppDelegate.h; sourceTree = "<group>"; };
		04C6F13A27428A8F00691C0D /* TUIAudioEffectViewController.h */ = {isa = PBXFileReference; fileEncoding = 4; lastKnownFileType = sourcecode.c.h; path = TUIAudioEffectViewController.h; sourceTree = "<group>"; };
		04C6F13B27428A8F00691C0D /* main.m */ = {isa = PBXFileReference; fileEncoding = 4; lastKnownFileType = sourcecode.c.objc; path = main.m; sourceTree = "<group>"; };
		04C6F13C27428A8F00691C0D /* TUIAudioEffectView_Example-Bridging-Header.h */ = {isa = PBXFileReference; fileEncoding = 4; lastKnownFileType = sourcecode.c.h; path = "TUIAudioEffectView_Example-Bridging-Header.h"; sourceTree = "<group>"; };
		04C6F13D27428A8F00691C0D /* Images.xcassets */ = {isa = PBXFileReference; lastKnownFileType = folder.assetcatalog; path = Images.xcassets; sourceTree = "<group>"; };
		04C6F13E27428A8F00691C0D /* TUIAppDelegate.m */ = {isa = PBXFileReference; fileEncoding = 4; lastKnownFileType = sourcecode.c.objc; path = TUIAppDelegate.m; sourceTree = "<group>"; };
		04C6F13F27428A8F00691C0D /* TUIAudioEffectView-Info.plist */ = {isa = PBXFileReference; fileEncoding = 4; lastKnownFileType = text.plist.xml; path = "TUIAudioEffectView-Info.plist"; sourceTree = "<group>"; };
		04C6F14A27428B3400691C0D /* TRTCRegisterRootView.swift */ = {isa = PBXFileReference; fileEncoding = 4; lastKnownFileType = sourcecode.swift; path = TRTCRegisterRootView.swift; sourceTree = "<group>"; };
		04C6F14B27428B3400691C0D /* TRTCLoginRootView.swift */ = {isa = PBXFileReference; fileEncoding = 4; lastKnownFileType = sourcecode.swift; path = TRTCLoginRootView.swift; sourceTree = "<group>"; };
		04C6F14C27428B3400691C0D /* UserAgreementViewController+UI.swift */ = {isa = PBXFileReference; fileEncoding = 4; lastKnownFileType = sourcecode.swift; path = "UserAgreementViewController+UI.swift"; sourceTree = "<group>"; };
		04C6F14F27428B3400691C0D /* zh-Hans */ = {isa = PBXFileReference; lastKnownFileType = text.plist.strings; name = "zh-Hans"; path = "zh-Hans.lproj/LoginLocalized.strings"; sourceTree = "<group>"; };
		04C6F15027428B3400691C0D /* en */ = {isa = PBXFileReference; lastKnownFileType = text.plist.strings; name = en; path = en.lproj/LoginLocalized.strings; sourceTree = "<group>"; };
		04C6F15127428B3400691C0D /* LoginLocalized.swift */ = {isa = PBXFileReference; fileEncoding = 4; lastKnownFileType = sourcecode.swift; path = LoginLocalized.swift; sourceTree = "<group>"; };
		04C6F15227428B3400691C0D /* TRTCLoginViewController.swift */ = {isa = PBXFileReference; fileEncoding = 4; lastKnownFileType = sourcecode.swift; path = TRTCLoginViewController.swift; sourceTree = "<group>"; };
		04C6F15327428B3400691C0D /* ProfileManager_Mock.swift */ = {isa = PBXFileReference; fileEncoding = 4; lastKnownFileType = sourcecode.swift; path = ProfileManager_Mock.swift; sourceTree = "<group>"; };
		04C6F15427428B3400691C0D /* AppUtils.swift */ = {isa = PBXFileReference; fileEncoding = 4; lastKnownFileType = sourcecode.swift; path = AppUtils.swift; sourceTree = "<group>"; };
		04C6F15527428B3400691C0D /* TRTCRegisterViewController.swift */ = {isa = PBXFileReference; fileEncoding = 4; lastKnownFileType = sourcecode.swift; path = TRTCRegisterViewController.swift; sourceTree = "<group>"; };
		04C6F15627428B3400691C0D /* UserAgreementViewController.swift */ = {isa = PBXFileReference; fileEncoding = 4; lastKnownFileType = sourcecode.swift; path = UserAgreementViewController.swift; sourceTree = "<group>"; };
		04C6F15727428B3400691C0D /* LayoutDefine.swift */ = {isa = PBXFileReference; fileEncoding = 4; lastKnownFileType = sourcecode.swift; path = LayoutDefine.swift; sourceTree = "<group>"; };
		04C6F16327428C0A00691C0D /* TUIAppDelegate+Register.swift */ = {isa = PBXFileReference; lastKnownFileType = sourcecode.swift; path = "TUIAppDelegate+Register.swift"; sourceTree = "<group>"; };
		3A59E29AC82209A189A660B2 /* Pods_TUIAudioEffectView_Tests.framework */ = {isa = PBXFileReference; explicitFileType = wrapper.framework; includeInIndex = 0; path = Pods_TUIAudioEffectView_Tests.framework; sourceTree = BUILT_PRODUCTS_DIR; };
		5BCF81FE80F3F2CDD1B8603E /* Pods_TUIAudioEffectView_Example.framework */ = {isa = PBXFileReference; explicitFileType = wrapper.framework; includeInIndex = 0; path = Pods_TUIAudioEffectView_Example.framework; sourceTree = BUILT_PRODUCTS_DIR; };
		6003F58A195388D20070C39A /* TUIAudioEffectView_Example.app */ = {isa = PBXFileReference; explicitFileType = wrapper.application; includeInIndex = 0; path = TUIAudioEffectView_Example.app; sourceTree = BUILT_PRODUCTS_DIR; };
		6003F58D195388D20070C39A /* Foundation.framework */ = {isa = PBXFileReference; lastKnownFileType = wrapper.framework; name = Foundation.framework; path = System/Library/Frameworks/Foundation.framework; sourceTree = SDKROOT; };
		6003F58F195388D20070C39A /* CoreGraphics.framework */ = {isa = PBXFileReference; lastKnownFileType = wrapper.framework; name = CoreGraphics.framework; path = System/Library/Frameworks/CoreGraphics.framework; sourceTree = SDKROOT; };
		6003F591195388D20070C39A /* UIKit.framework */ = {isa = PBXFileReference; lastKnownFileType = wrapper.framework; name = UIKit.framework; path = System/Library/Frameworks/UIKit.framework; sourceTree = SDKROOT; };
		6003F5AF195388D20070C39A /* XCTest.framework */ = {isa = PBXFileReference; lastKnownFileType = wrapper.framework; name = XCTest.framework; path = Library/Frameworks/XCTest.framework; sourceTree = DEVELOPER_DIR; };
		769D187886C77024A126FBAF /* Pods-TUIAudioEffectView_Tests.release.xcconfig */ = {isa = PBXFileReference; includeInIndex = 1; lastKnownFileType = text.xcconfig; name = "Pods-TUIAudioEffectView_Tests.release.xcconfig"; path = "Target Support Files/Pods-TUIAudioEffectView_Tests/Pods-TUIAudioEffectView_Tests.release.xcconfig"; sourceTree = "<group>"; };
		B698D70D6C1AFE3B7606EFE7 /* Pods-TUIAudioEffectView_Example.release.xcconfig */ = {isa = PBXFileReference; includeInIndex = 1; lastKnownFileType = text.xcconfig; name = "Pods-TUIAudioEffectView_Example.release.xcconfig"; path = "Target Support Files/Pods-TUIAudioEffectView_Example/Pods-TUIAudioEffectView_Example.release.xcconfig"; sourceTree = "<group>"; };
		D6E21E1B6F1DB84B7251C980 /* Pods-TUIAudioEffectView_Example.debug.xcconfig */ = {isa = PBXFileReference; includeInIndex = 1; lastKnownFileType = text.xcconfig; name = "Pods-TUIAudioEffectView_Example.debug.xcconfig"; path = "Target Support Files/Pods-TUIAudioEffectView_Example/Pods-TUIAudioEffectView_Example.debug.xcconfig"; sourceTree = "<group>"; };
/* End PBXFileReference section */

/* Begin PBXFrameworksBuildPhase section */
		6003F587195388D20070C39A /* Frameworks */ = {
			isa = PBXFrameworksBuildPhase;
			buildActionMask = 2147483647;
			files = (
				6003F590195388D20070C39A /* CoreGraphics.framework in Frameworks */,
				6003F592195388D20070C39A /* UIKit.framework in Frameworks */,
				6003F58E195388D20070C39A /* Foundation.framework in Frameworks */,
				A8F557D94D2C45FAA4BED231 /* Pods_TUIAudioEffectView_Example.framework in Frameworks */,
			);
			runOnlyForDeploymentPostprocessing = 0;
		};
/* End PBXFrameworksBuildPhase section */

/* Begin PBXGroup section */
		04C6F10F2742881100691C0D /* Debug */ = {
			isa = PBXGroup;
			children = (
				04C6F1102742881100691C0D /* GenerateTestUserSig.swift */,
			);
			path = Debug;
			sourceTree = "<group>";
		};
		04C6F12E27428A8F00691C0D /* App */ = {
			isa = PBXGroup;
			children = (
				04C6F14927428B3400691C0D /* LoginMock */,
				04C6F13927428A8F00691C0D /* TUIAppDelegate.h */,
				04C6F13E27428A8F00691C0D /* TUIAppDelegate.m */,
				04C6F16327428C0A00691C0D /* TUIAppDelegate+Register.swift */,
				04C6F13A27428A8F00691C0D /* TUIAudioEffectViewController.h */,
				04C6F13127428A8F00691C0D /* TUIAudioEffectViewController.m */,
				04C6F13527428A8F00691C0D /* LaunchScreen.storyboard */,
				04C6F13727428A8F00691C0D /* Main.storyboard */,
				04C6F13B27428A8F00691C0D /* main.m */,
				04C6F13427428A8F00691C0D /* TUIAudioEffectView-Prefix.pch */,
				04C6F13C27428A8F00691C0D /* TUIAudioEffectView_Example-Bridging-Header.h */,
				04C6F13D27428A8F00691C0D /* Images.xcassets */,
				04C6F13F27428A8F00691C0D /* TUIAudioEffectView-Info.plist */,
			);
			path = App;
			sourceTree = "<group>";
		};
		04C6F14927428B3400691C0D /* LoginMock */ = {
			isa = PBXGroup;
			children = (
				04C6F14D27428B3400691C0D /* AppLocalized */,
				04C6F14A27428B3400691C0D /* TRTCRegisterRootView.swift */,
				04C6F14B27428B3400691C0D /* TRTCLoginRootView.swift */,
				04C6F14C27428B3400691C0D /* UserAgreementViewController+UI.swift */,
				04C6F15227428B3400691C0D /* TRTCLoginViewController.swift */,
				04C6F15327428B3400691C0D /* ProfileManager_Mock.swift */,
				04C6F15427428B3400691C0D /* AppUtils.swift */,
				04C6F15527428B3400691C0D /* TRTCRegisterViewController.swift */,
				04C6F15627428B3400691C0D /* UserAgreementViewController.swift */,
				04C6F15727428B3400691C0D /* LayoutDefine.swift */,
			);
			path = LoginMock;
			sourceTree = SOURCE_ROOT;
		};
		04C6F14D27428B3400691C0D /* AppLocalized */ = {
			isa = PBXGroup;
			children = (
				04C6F14E27428B3400691C0D /* LoginLocalized.strings */,
				04C6F15127428B3400691C0D /* LoginLocalized.swift */,
			);
			path = AppLocalized;
			sourceTree = "<group>";
		};
		6003F581195388D10070C39A = {
			isa = PBXGroup;
			children = (
				04C6F12E27428A8F00691C0D /* App */,
				04C6F10F2742881100691C0D /* Debug */,
				6003F58C195388D20070C39A /* Frameworks */,
				6003F58B195388D20070C39A /* Products */,
				91C21EDBF52A92C3D2D762C3 /* Pods */,
			);
			sourceTree = "<group>";
		};
		6003F58B195388D20070C39A /* Products */ = {
			isa = PBXGroup;
			children = (
				6003F58A195388D20070C39A /* TUIAudioEffectView_Example.app */,
			);
			name = Products;
			sourceTree = "<group>";
		};
		6003F58C195388D20070C39A /* Frameworks */ = {
			isa = PBXGroup;
			children = (
				6003F58D195388D20070C39A /* Foundation.framework */,
				6003F58F195388D20070C39A /* CoreGraphics.framework */,
				6003F591195388D20070C39A /* UIKit.framework */,
				6003F5AF195388D20070C39A /* XCTest.framework */,
				5BCF81FE80F3F2CDD1B8603E /* Pods_TUIAudioEffectView_Example.framework */,
				3A59E29AC82209A189A660B2 /* Pods_TUIAudioEffectView_Tests.framework */,
			);
			name = Frameworks;
			sourceTree = "<group>";
		};
		91C21EDBF52A92C3D2D762C3 /* Pods */ = {
			isa = PBXGroup;
			children = (
				D6E21E1B6F1DB84B7251C980 /* Pods-TUIAudioEffectView_Example.debug.xcconfig */,
				B698D70D6C1AFE3B7606EFE7 /* Pods-TUIAudioEffectView_Example.release.xcconfig */,
				03920153D23D43A03E3F45FF /* Pods-TUIAudioEffectView_Tests.debug.xcconfig */,
				769D187886C77024A126FBAF /* Pods-TUIAudioEffectView_Tests.release.xcconfig */,
			);
			path = Pods;
			sourceTree = "<group>";
		};
/* End PBXGroup section */

/* Begin PBXNativeTarget section */
		6003F589195388D20070C39A /* TUIAudioEffectView_Example */ = {
			isa = PBXNativeTarget;
			buildConfigurationList = 6003F5BF195388D20070C39A /* Build configuration list for PBXNativeTarget "TUIAudioEffectView_Example" */;
			buildPhases = (
				BBCA3EA787E8635226C02068 /* [CP] Check Pods Manifest.lock */,
				6003F586195388D20070C39A /* Sources */,
				6003F587195388D20070C39A /* Frameworks */,
				6003F588195388D20070C39A /* Resources */,
				5106B1516D0FDB4F582160DB /* [CP] Embed Pods Frameworks */,
				ACDA14591E1CE50B2698EB55 /* [CP] Copy Pods Resources */,
			);
			buildRules = (
			);
			dependencies = (
			);
			name = TUIAudioEffectView_Example;
			productName = TUIAudioEffectView;
			productReference = 6003F58A195388D20070C39A /* TUIAudioEffectView_Example.app */;
			productType = "com.apple.product-type.application";
		};
/* End PBXNativeTarget section */

/* Begin PBXProject section */
		6003F582195388D10070C39A /* Project object */ = {
			isa = PBXProject;
			attributes = {
				CLASSPREFIX = TUI;
				LastUpgradeCheck = 1300;
				ORGANIZATIONNAME = jackyixue;
				TargetAttributes = {
					6003F589195388D20070C39A = {
						DevelopmentTeam = F8A3GH6Q4W;
						LastSwiftMigration = 1300;
						ProvisioningStyle = Manual;
					};
				};
			};
			buildConfigurationList = 6003F585195388D10070C39A /* Build configuration list for PBXProject "TUIAudioEffectView" */;
			compatibilityVersion = "Xcode 3.2";
			developmentRegion = en;
			hasScannedForEncodings = 0;
			knownRegions = (
				en,
				Base,
				"zh-Hans",
			);
			mainGroup = 6003F581195388D10070C39A;
			productRefGroup = 6003F58B195388D20070C39A /* Products */;
			projectDirPath = "";
			projectRoot = "";
			targets = (
				6003F589195388D20070C39A /* TUIAudioEffectView_Example */,
			);
		};
/* End PBXProject section */

/* Begin PBXResourcesBuildPhase section */
		6003F588195388D20070C39A /* Resources */ = {
			isa = PBXResourcesBuildPhase;
			buildActionMask = 2147483647;
			files = (
				04C6F14427428A8F00691C0D /* Main.storyboard in Resources */,
				04C6F14327428A8F00691C0D /* LaunchScreen.storyboard in Resources */,
				04C6F14627428A8F00691C0D /* Images.xcassets in Resources */,
				04C6F15B27428B3500691C0D /* LoginLocalized.strings in Resources */,
				04C6F14827428A8F00691C0D /* TUIAudioEffectView-Info.plist in Resources */,
			);
			runOnlyForDeploymentPostprocessing = 0;
		};
/* End PBXResourcesBuildPhase section */

/* Begin PBXShellScriptBuildPhase section */
		5106B1516D0FDB4F582160DB /* [CP] Embed Pods Frameworks */ = {
			isa = PBXShellScriptBuildPhase;
			buildActionMask = 2147483647;
			files = (
			);
			inputPaths = (
				"${PODS_ROOT}/Target Support Files/Pods-TUIAudioEffectView_Example/Pods-TUIAudioEffectView_Example-frameworks.sh",
				"${BUILT_PRODUCTS_DIR}/Alamofire/Alamofire.framework",
				"${BUILT_PRODUCTS_DIR}/Kingfisher/Kingfisher.framework",
				"${BUILT_PRODUCTS_DIR}/Masonry/Masonry.framework",
				"${BUILT_PRODUCTS_DIR}/ReactiveObjC/ReactiveObjC.framework",
				"${BUILT_PRODUCTS_DIR}/SDWebImage/SDWebImage.framework",
				"${BUILT_PRODUCTS_DIR}/SnapKit/SnapKit.framework",
				"${BUILT_PRODUCTS_DIR}/TUICore/TUICore.framework",
				"${PODS_ROOT}/TXIMSDK_Plus_iOS/ImSDK_Plus.framework",
				"${BUILT_PRODUCTS_DIR}/Toast-Swift/Toast_Swift.framework",
			);
			name = "[CP] Embed Pods Frameworks";
			outputPaths = (
				"${TARGET_BUILD_DIR}/${FRAMEWORKS_FOLDER_PATH}/Alamofire.framework",
				"${TARGET_BUILD_DIR}/${FRAMEWORKS_FOLDER_PATH}/Kingfisher.framework",
				"${TARGET_BUILD_DIR}/${FRAMEWORKS_FOLDER_PATH}/Masonry.framework",
				"${TARGET_BUILD_DIR}/${FRAMEWORKS_FOLDER_PATH}/ReactiveObjC.framework",
				"${TARGET_BUILD_DIR}/${FRAMEWORKS_FOLDER_PATH}/SDWebImage.framework",
				"${TARGET_BUILD_DIR}/${FRAMEWORKS_FOLDER_PATH}/SnapKit.framework",
				"${TARGET_BUILD_DIR}/${FRAMEWORKS_FOLDER_PATH}/TUICore.framework",
				"${TARGET_BUILD_DIR}/${FRAMEWORKS_FOLDER_PATH}/ImSDK_Plus.framework",
				"${TARGET_BUILD_DIR}/${FRAMEWORKS_FOLDER_PATH}/Toast_Swift.framework",
			);
			runOnlyForDeploymentPostprocessing = 0;
			shellPath = /bin/sh;
			shellScript = "\"${PODS_ROOT}/Target Support Files/Pods-TUIAudioEffectView_Example/Pods-TUIAudioEffectView_Example-frameworks.sh\"\n";
			showEnvVarsInLog = 0;
		};
		ACDA14591E1CE50B2698EB55 /* [CP] Copy Pods Resources */ = {
			isa = PBXShellScriptBuildPhase;
			buildActionMask = 2147483647;
			files = (
			);
			inputPaths = (
				"${PODS_ROOT}/Target Support Files/Pods-TUIAudioEffectView_Example/Pods-TUIAudioEffectView_Example-resources.sh",
				"${PODS_CONFIGURATION_BUILD_DIR}/TUIAudioEffect/TUIAudioEffectKitBundle.bundle",
			);
			name = "[CP] Copy Pods Resources";
			outputPaths = (
				"${TARGET_BUILD_DIR}/${UNLOCALIZED_RESOURCES_FOLDER_PATH}/TUIAudioEffectKitBundle.bundle",
			);
			runOnlyForDeploymentPostprocessing = 0;
			shellPath = /bin/sh;
			shellScript = "\"${PODS_ROOT}/Target Support Files/Pods-TUIAudioEffectView_Example/Pods-TUIAudioEffectView_Example-resources.sh\"\n";
			showEnvVarsInLog = 0;
		};
		BBCA3EA787E8635226C02068 /* [CP] Check Pods Manifest.lock */ = {
			isa = PBXShellScriptBuildPhase;
			buildActionMask = 2147483647;
			files = (
			);
			inputFileListPaths = (
			);
			inputPaths = (
				"${PODS_PODFILE_DIR_PATH}/Podfile.lock",
				"${PODS_ROOT}/Manifest.lock",
			);
			name = "[CP] Check Pods Manifest.lock";
			outputFileListPaths = (
			);
			outputPaths = (
				"$(DERIVED_FILE_DIR)/Pods-TUIAudioEffectView_Example-checkManifestLockResult.txt",
			);
			runOnlyForDeploymentPostprocessing = 0;
			shellPath = /bin/sh;
			shellScript = "diff \"${PODS_PODFILE_DIR_PATH}/Podfile.lock\" \"${PODS_ROOT}/Manifest.lock\" > /dev/null\nif [ $? != 0 ] ; then\n    # print error to STDERR\n    echo \"error: The sandbox is not in sync with the Podfile.lock. Run 'pod install' or update your CocoaPods installation.\" >&2\n    exit 1\nfi\n# This output is used by Xcode 'outputs' to avoid re-running this script phase.\necho \"SUCCESS\" > \"${SCRIPT_OUTPUT_FILE_0}\"\n";
			showEnvVarsInLog = 0;
		};
/* End PBXShellScriptBuildPhase section */

/* Begin PBXSourcesBuildPhase section */
		6003F586195388D20070C39A /* Sources */ = {
			isa = PBXSourcesBuildPhase;
			buildActionMask = 2147483647;
			files = (
				04C6F1112742881100691C0D /* GenerateTestUserSig.swift in Sources */,
				04C6F15F27428B3500691C0D /* AppUtils.swift in Sources */,
				04C6F15927428B3500691C0D /* TRTCLoginRootView.swift in Sources */,
				04C6F14727428A8F00691C0D /* TUIAppDelegate.m in Sources */,
				04C6F16027428B3500691C0D /* TRTCRegisterViewController.swift in Sources */,
				04C6F14527428A8F00691C0D /* main.m in Sources */,
				04C6F16127428B3500691C0D /* UserAgreementViewController.swift in Sources */,
				04C6F15A27428B3500691C0D /* UserAgreementViewController+UI.swift in Sources */,
				04C6F14127428A8F00691C0D /* TUIAudioEffectViewController.m in Sources */,
				04C6F15827428B3500691C0D /* TRTCRegisterRootView.swift in Sources */,
				04C6F16227428B3500691C0D /* LayoutDefine.swift in Sources */,
				04C6F15E27428B3500691C0D /* ProfileManager_Mock.swift in Sources */,
				04C6F15C27428B3500691C0D /* LoginLocalized.swift in Sources */,
				04C6F16427428C0A00691C0D /* TUIAppDelegate+Register.swift in Sources */,
				04C6F15D27428B3500691C0D /* TRTCLoginViewController.swift in Sources */,
			);
			runOnlyForDeploymentPostprocessing = 0;
		};
/* End PBXSourcesBuildPhase section */

/* Begin PBXVariantGroup section */
		04C6F13527428A8F00691C0D /* LaunchScreen.storyboard */ = {
			isa = PBXVariantGroup;
			children = (
				04C6F13627428A8F00691C0D /* Base */,
			);
			name = LaunchScreen.storyboard;
			sourceTree = "<group>";
		};
		04C6F13727428A8F00691C0D /* Main.storyboard */ = {
			isa = PBXVariantGroup;
			children = (
				04C6F13827428A8F00691C0D /* Base */,
			);
			name = Main.storyboard;
			sourceTree = "<group>";
		};
		04C6F14E27428B3400691C0D /* LoginLocalized.strings */ = {
			isa = PBXVariantGroup;
			children = (
				04C6F14F27428B3400691C0D /* zh-Hans */,
				04C6F15027428B3400691C0D /* en */,
			);
			name = LoginLocalized.strings;
			sourceTree = "<group>";
		};
/* End PBXVariantGroup section */

/* Begin XCBuildConfiguration section */
		6003F5BD195388D20070C39A /* Debug */ = {
			isa = XCBuildConfiguration;
			buildSettings = {
				ALWAYS_SEARCH_USER_PATHS = NO;
				CLANG_ANALYZER_LOCALIZABILITY_NONLOCALIZED = YES;
				CLANG_CXX_LANGUAGE_STANDARD = "gnu++0x";
				CLANG_CXX_LIBRARY = "libc++";
				CLANG_ENABLE_MODULES = YES;
				CLANG_ENABLE_OBJC_ARC = YES;
				CLANG_WARN_BLOCK_CAPTURE_AUTORELEASING = YES;
				CLANG_WARN_BOOL_CONVERSION = YES;
				CLANG_WARN_COMMA = YES;
				CLANG_WARN_CONSTANT_CONVERSION = YES;
				CLANG_WARN_DEPRECATED_OBJC_IMPLEMENTATIONS = YES;
				CLANG_WARN_DIRECT_OBJC_ISA_USAGE = YES_ERROR;
				CLANG_WARN_EMPTY_BODY = YES;
				CLANG_WARN_ENUM_CONVERSION = YES;
				CLANG_WARN_INFINITE_RECURSION = YES;
				CLANG_WARN_INT_CONVERSION = YES;
				CLANG_WARN_NON_LITERAL_NULL_CONVERSION = YES;
				CLANG_WARN_OBJC_IMPLICIT_RETAIN_SELF = YES;
				CLANG_WARN_OBJC_LITERAL_CONVERSION = YES;
				CLANG_WARN_OBJC_ROOT_CLASS = YES_ERROR;
				CLANG_WARN_QUOTED_INCLUDE_IN_FRAMEWORK_HEADER = YES;
				CLANG_WARN_RANGE_LOOP_ANALYSIS = YES;
				CLANG_WARN_STRICT_PROTOTYPES = YES;
				CLANG_WARN_SUSPICIOUS_MOVE = YES;
				CLANG_WARN_UNREACHABLE_CODE = YES;
				CLANG_WARN__DUPLICATE_METHOD_MATCH = YES;
				"CODE_SIGN_IDENTITY[sdk=iphoneos*]" = "iPhone Developer";
				COPY_PHASE_STRIP = NO;
				ENABLE_BITCODE = NO;
				ENABLE_STRICT_OBJC_MSGSEND = YES;
				ENABLE_TESTABILITY = YES;
				GCC_C_LANGUAGE_STANDARD = gnu99;
				GCC_DYNAMIC_NO_PIC = NO;
				GCC_NO_COMMON_BLOCKS = YES;
				GCC_OPTIMIZATION_LEVEL = 0;
				GCC_PREPROCESSOR_DEFINITIONS = (
					"DEBUG=1",
					"$(inherited)",
				);
				GCC_SYMBOLS_PRIVATE_EXTERN = NO;
				GCC_WARN_64_TO_32_BIT_CONVERSION = YES;
				GCC_WARN_ABOUT_RETURN_TYPE = YES_ERROR;
				GCC_WARN_UNDECLARED_SELECTOR = YES;
				GCC_WARN_UNINITIALIZED_AUTOS = YES_AGGRESSIVE;
				GCC_WARN_UNUSED_FUNCTION = YES;
				GCC_WARN_UNUSED_VARIABLE = YES;
				IPHONEOS_DEPLOYMENT_TARGET = 12.0;
				ONLY_ACTIVE_ARCH = YES;
				SDKROOT = iphoneos;
				TARGETED_DEVICE_FAMILY = "1,2";
			};
			name = Debug;
		};
		6003F5BE195388D20070C39A /* Release */ = {
			isa = XCBuildConfiguration;
			buildSettings = {
				ALWAYS_SEARCH_USER_PATHS = NO;
				CLANG_ANALYZER_LOCALIZABILITY_NONLOCALIZED = YES;
				CLANG_CXX_LANGUAGE_STANDARD = "gnu++0x";
				CLANG_CXX_LIBRARY = "libc++";
				CLANG_ENABLE_MODULES = YES;
				CLANG_ENABLE_OBJC_ARC = YES;
				CLANG_WARN_BLOCK_CAPTURE_AUTORELEASING = YES;
				CLANG_WARN_BOOL_CONVERSION = YES;
				CLANG_WARN_COMMA = YES;
				CLANG_WARN_CONSTANT_CONVERSION = YES;
				CLANG_WARN_DEPRECATED_OBJC_IMPLEMENTATIONS = YES;
				CLANG_WARN_DIRECT_OBJC_ISA_USAGE = YES_ERROR;
				CLANG_WARN_EMPTY_BODY = YES;
				CLANG_WARN_ENUM_CONVERSION = YES;
				CLANG_WARN_INFINITE_RECURSION = YES;
				CLANG_WARN_INT_CONVERSION = YES;
				CLANG_WARN_NON_LITERAL_NULL_CONVERSION = YES;
				CLANG_WARN_OBJC_IMPLICIT_RETAIN_SELF = YES;
				CLANG_WARN_OBJC_LITERAL_CONVERSION = YES;
				CLANG_WARN_OBJC_ROOT_CLASS = YES_ERROR;
				CLANG_WARN_QUOTED_INCLUDE_IN_FRAMEWORK_HEADER = YES;
				CLANG_WARN_RANGE_LOOP_ANALYSIS = YES;
				CLANG_WARN_STRICT_PROTOTYPES = YES;
				CLANG_WARN_SUSPICIOUS_MOVE = YES;
				CLANG_WARN_UNREACHABLE_CODE = YES;
				CLANG_WARN__DUPLICATE_METHOD_MATCH = YES;
				"CODE_SIGN_IDENTITY[sdk=iphoneos*]" = "iPhone Developer";
				COPY_PHASE_STRIP = YES;
				ENABLE_BITCODE = NO;
				ENABLE_NS_ASSERTIONS = NO;
				ENABLE_STRICT_OBJC_MSGSEND = YES;
				GCC_C_LANGUAGE_STANDARD = gnu99;
				GCC_NO_COMMON_BLOCKS = YES;
				GCC_WARN_64_TO_32_BIT_CONVERSION = YES;
				GCC_WARN_ABOUT_RETURN_TYPE = YES_ERROR;
				GCC_WARN_UNDECLARED_SELECTOR = YES;
				GCC_WARN_UNINITIALIZED_AUTOS = YES_AGGRESSIVE;
				GCC_WARN_UNUSED_FUNCTION = YES;
				GCC_WARN_UNUSED_VARIABLE = YES;
				IPHONEOS_DEPLOYMENT_TARGET = 12.0;
				SDKROOT = iphoneos;
				TARGETED_DEVICE_FAMILY = "1,2";
				VALIDATE_PRODUCT = YES;
			};
			name = Release;
		};
		6003F5C0195388D20070C39A /* Debug */ = {
			isa = XCBuildConfiguration;
			baseConfigurationReference = D6E21E1B6F1DB84B7251C980 /* Pods-TUIAudioEffectView_Example.debug.xcconfig */;
			buildSettings = {
				ASSETCATALOG_COMPILER_APPICON_NAME = AppIcon;
				CLANG_ENABLE_MODULES = YES;
				CODE_SIGN_STYLE = Manual;
				DEVELOPMENT_TEAM = F8A3GH6Q4W;
				ENABLE_BITCODE = NO;
				GCC_PRECOMPILE_PREFIX_HEADER = YES;
				GCC_PREFIX_HEADER = "App/TUIAudioEffectView-Prefix.pch";
				INFOPLIST_FILE = "App/TUIAudioEffectView-Info.plist";
				IPHONEOS_DEPLOYMENT_TARGET = 13.0;
				LD_RUNPATH_SEARCH_PATHS = "$(inherited) @executable_path/Frameworks";
				MODULE_NAME = ExampleApp;
				PRODUCT_BUNDLE_IDENTIFIER = com.tencent.fx.audioeffect;
				PRODUCT_NAME = "$(TARGET_NAME)";
				PROVISIONING_PROFILE_SPECIFIER = abyWildcardDev;
				SWIFT_OBJC_BRIDGING_HEADER = "App/TUIAudioEffectView_Example-Bridging-Header.h";
				SWIFT_OPTIMIZATION_LEVEL = "-Onone";
				SWIFT_VERSION = 5.0;
				WRAPPER_EXTENSION = app;
			};
			name = Debug;
		};
		6003F5C1195388D20070C39A /* Release */ = {
			isa = XCBuildConfiguration;
			baseConfigurationReference = B698D70D6C1AFE3B7606EFE7 /* Pods-TUIAudioEffectView_Example.release.xcconfig */;
			buildSettings = {
				ASSETCATALOG_COMPILER_APPICON_NAME = AppIcon;
				CLANG_ENABLE_MODULES = YES;
				ENABLE_BITCODE = NO;
				GCC_PRECOMPILE_PREFIX_HEADER = YES;
				GCC_PREFIX_HEADER = "App/TUIAudioEffectView-Prefix.pch";
				INFOPLIST_FILE = "App/TUIAudioEffectView-Info.plist";
				IPHONEOS_DEPLOYMENT_TARGET = 13.0;
				LD_RUNPATH_SEARCH_PATHS = "$(inherited) @executable_path/Frameworks";
				MODULE_NAME = ExampleApp;
				PRODUCT_BUNDLE_IDENTIFIER = com.tencent.fx.audioeffect;
				PRODUCT_NAME = "$(TARGET_NAME)";
				SWIFT_OBJC_BRIDGING_HEADER = "App/TUIAudioEffectView_Example-Bridging-Header.h";
				SWIFT_VERSION = 5.0;
				WRAPPER_EXTENSION = app;
			};
			name = Release;
		};
/* End XCBuildConfiguration section */

/* Begin XCConfigurationList section */
		6003F585195388D10070C39A /* Build configuration list for PBXProject "TUIAudioEffectView" */ = {
			isa = XCConfigurationList;
			buildConfigurations = (
				6003F5BD195388D20070C39A /* Debug */,
				6003F5BE195388D20070C39A /* Release */,
			);
			defaultConfigurationIsVisible = 0;
			defaultConfigurationName = Release;
		};
		6003F5BF195388D20070C39A /* Build configuration list for PBXNativeTarget "TUIAudioEffectView_Example" */ = {
			isa = XCConfigurationList;
			buildConfigurations = (
				6003F5C0195388D20070C39A /* Debug */,
				6003F5C1195388D20070C39A /* Release */,
			);
			defaultConfigurationIsVisible = 0;
			defaultConfigurationName = Release;
		};
/* End XCConfigurationList section */
	};
	rootObject = 6003F582195388D10070C39A /* Project object */;
}
